Microsoft Visual Studio Solution File, Format Version 12.00
# Visual Studio Version 18
VisualStudioVersion = 18.0.11222.15
MinimumVisualStudioVersion = 10.0.40219.1
Project("{F184B08F-C81C-45F6-A57F-5ABD9991F28F}") = "MainUI", "MainUI\MainUI.vbproj", "{588E10EE-E08E-C828-C025-34AE198F3512}"
EndProject
Project("{FAE04EC0-301F-11D3-BF4B-00C04F79EFBC}") = "CamZed", "CamZed\CamZed.csproj", "{A049661B-57A6-935A-7B64-E9F9FECA58EC}"
EndProject
Project("{8BC9CEB8-8B4A-11D0-8D11-00A0C91BC942}") = "CPP_Native", "CPP_Native\CPP_Native.vcxproj", "{F867E11C-A392-4EA0-9F32-6CCBE3E753FC}"
EndProject
Project("{F184B08F-C81C-45F6-A57F-5ABD9991F28F}") = "VBClasses", "VBClasses\VBClasses.vbproj", "{100D06BD-65A4-4FD9-3080-D701C7F29260}"
EndProject
Project("{F184B08F-C81C-45F6-A57F-5ABD9991F28F}") = "jsonShared", "jsonShared\jsonShared.vbproj", "{577FBD81-039B-E742-D761-0FAAF71E23CD}"
EndProject
Project("{F184B08F-C81C-45F6-A57F-5ABD9991F28F}") = "UI_Generator", "UI_Generator\UI_Generator.vbproj", "{7DE058AF-6E33-F9AA-B524-6634A8EBC9B6}"
EndProject
Project("{8BC9CEB8-8B4A-11D0-8D11-00A0C91BC942}") = "Cam_Oak-D", "OakD\src\Cam_Oak-D.vcxproj", "{8A1E5F3B-2C4D-4E6F-9A8B-1C2D3E4F5A6B}"
EndProject
Project("{F184B08F-C81C-45F6-A57F-5ABD9991F28F}") = "GifBuilder", "GifBuilder\GifBuilder.vbproj", "{31593C89-9184-C412-C7EF-2544CB1F6C9A}"
EndProject
Global
	GlobalSection(SolutionConfigurationPlatforms) = preSolution
		Debug|x64 = Debug|x64
		Debug|x86 = Debug|x86
		MinSizeRel|x64 = MinSizeRel|x64
		MinSizeRel|x86 = MinSizeRel|x86
		Release|x64 = Release|x64
		Release|x86 = Release|x86
		RelWithDebInfo|x64 = RelWithDebInfo|x64
		RelWithDebInfo|x86 = RelWithDebInfo|x86
	EndGlobalSection
	GlobalSection(ProjectConfigurationPlatforms) = postSolution
		{588E10EE-E08E-C828-C025-34AE198F3512}.Debug|x64.ActiveCfg = Debug|x64
		{588E10EE-E08E-C828-C025-34AE198F3512}.Debug|x64.Build.0 = Debug|x64
		{588E10EE-E08E-C828-C025-34AE198F3512}.Debug|x86.ActiveCfg = Debug|x64
		{588E10EE-E08E-C828-C025-34AE198F3512}.Debug|x86.Build.0 = Debug|x64
		{588E10EE-E08E-C828-C025-34AE198F3512}.MinSizeRel|x64.ActiveCfg = Release|x64
		{588E10EE-E08E-C828-C025-34AE198F3512}.MinSizeRel|x64.Build.0 = Release|x64
		{588E10EE-E08E-C828-C025-34AE198F3512}.MinSizeRel|x86.ActiveCfg = Release|x64
		{588E10EE-E08E-C828-C025-34AE198F3512}.MinSizeRel|x86.Build.0 = Release|x64
		{588E10EE-E08E-C828-C025-34AE198F3512}.Release|x64.ActiveCfg = Release|x64
		{588E10EE-E08E-C828-C025-34AE198F3512}.Release|x64.Build.0 = Release|x64
		{588E10EE-E08E-C828-C025-34AE198F3512}.Release|x86.ActiveCfg = Release|x64
		{588E10EE-E08E-C828-C025-34AE198F3512}.Release|x86.Build.0 = Release|x64
		{588E10EE-E08E-C828-C025-34AE198F3512}.RelWithDebInfo|x64.ActiveCfg = Debug|x64
		{588E10EE-E08E-C828-C025-34AE198F3512}.RelWithDebInfo|x64.Build.0 = Debug|x64
		{588E10EE-E08E-C828-C025-34AE198F3512}.RelWithDebInfo|x86.ActiveCfg = Debug|x64
		{588E10EE-E08E-C828-C025-34AE198F3512}.RelWithDebInfo|x86.Build.0 = Debug|x64
		{A049661B-57A6-935A-7B64-E9F9FECA58EC}.Debug|x64.ActiveCfg = Release|x64
		{A049661B-57A6-935A-7B64-E9F9FECA58EC}.Debug|x64.Build.0 = Release|x64
		{A049661B-57A6-935A-7B64-E9F9FECA58EC}.Debug|x86.ActiveCfg = Debug|x64
		{A049661B-57A6-935A-7B64-E9F9FECA58EC}.Debug|x86.Build.0 = Debug|x64
		{A049661B-57A6-935A-7B64-E9F9FECA58EC}.MinSizeRel|x64.ActiveCfg = Release|x64
		{A049661B-57A6-935A-7B64-E9F9FECA58EC}.MinSizeRel|x64.Build.0 = Release|x64
		{A049661B-57A6-935A-7B64-E9F9FECA58EC}.MinSizeRel|x86.ActiveCfg = Release|x64
		{A049661B-57A6-935A-7B64-E9F9FECA58EC}.MinSizeRel|x86.Build.0 = Release|x64
		{A049661B-57A6-935A-7B64-E9F9FECA58EC}.Release|x64.ActiveCfg = Release|x64
		{A049661B-57A6-935A-7B64-E9F9FECA58EC}.Release|x64.Build.0 = Release|x64
		{A049661B-57A6-935A-7B64-E9F9FECA58EC}.Release|x86.ActiveCfg = Release|x64
		{A049661B-57A6-935A-7B64-E9F9FECA58EC}.Release|x86.Build.0 = Release|x64
		{A049661B-57A6-935A-7B64-E9F9FECA58EC}.RelWithDebInfo|x64.ActiveCfg = Debug|x64
		{A049661B-57A6-935A-7B64-E9F9FECA58EC}.RelWithDebInfo|x64.Build.0 = Debug|x64
		{A049661B-57A6-935A-7B64-E9F9FECA58EC}.RelWithDebInfo|x86.ActiveCfg = Debug|x64
		{A049661B-57A6-935A-7B64-E9F9FECA58EC}.RelWithDebInfo|x86.Build.0 = Debug|x64
		{F867E11C-A392-4EA0-9F32-6CCBE3E753FC}.Debug|x64.ActiveCfg = Release|x64
		{F867E11C-A392-4EA0-9F32-6CCBE3E753FC}.Debug|x64.Build.0 = Release|x64
		{F867E11C-A392-4EA0-9F32-6CCBE3E753FC}.Debug|x86.ActiveCfg = Debug|Win32
		{F867E11C-A392-4EA0-9F32-6CCBE3E753FC}.Debug|x86.Build.0 = Debug|Win32
		{F867E11C-A392-4EA0-9F32-6CCBE3E753FC}.MinSizeRel|x64.ActiveCfg = Release|x64
		{F867E11C-A392-4EA0-9F32-6CCBE3E753FC}.MinSizeRel|x64.Build.0 = Release|x64
		{F867E11C-A392-4EA0-9F32-6CCBE3E753FC}.MinSizeRel|x86.ActiveCfg = Release|Win32
		{F867E11C-A392-4EA0-9F32-6CCBE3E753FC}.MinSizeRel|x86.Build.0 = Release|Win32
		{F867E11C-A392-4EA0-9F32-6CCBE3E753FC}.Release|x64.ActiveCfg = Release|x64
		{F867E11C-A392-4EA0-9F32-6CCBE3E753FC}.Release|x64.Build.0 = Release|x64
		{F867E11C-A392-4EA0-9F32-6CCBE3E753FC}.Release|x86.ActiveCfg = Release|Win32
		{F867E11C-A392-4EA0-9F32-6CCBE3E753FC}.Release|x86.Build.0 = Release|Win32
		{F867E11C-A392-4EA0-9F32-6CCBE3E753FC}.RelWithDebInfo|x64.ActiveCfg = Debug|x64
		{F867E11C-A392-4EA0-9F32-6CCBE3E753FC}.RelWithDebInfo|x64.Build.0 = Debug|x64
		{F867E11C-A392-4EA0-9F32-6CCBE3E753FC}.RelWithDebInfo|x86.ActiveCfg = Debug|Win32
		{F867E11C-A392-4EA0-9F32-6CCBE3E753FC}.RelWithDebInfo|x86.Build.0 = Debug|Win32
		{100D06BD-65A4-4FD9-3080-D701C7F29260}.Debug|x64.ActiveCfg = Debug|x64
		{100D06BD-65A4-4FD9-3080-D701C7F29260}.Debug|x64.Build.0 = Debug|x64
		{100D06BD-65A4-4FD9-3080-D701C7F29260}.Debug|x86.ActiveCfg = Debug|x64
		{100D06BD-65A4-4FD9-3080-D701C7F29260}.Debug|x86.Build.0 = Debug|x64
		{100D06BD-65A4-4FD9-3080-D701C7F29260}.MinSizeRel|x64.ActiveCfg = Release|x64
		{100D06BD-65A4-4FD9-3080-D701C7F29260}.MinSizeRel|x64.Build.0 = Release|x64
		{100D06BD-65A4-4FD9-3080-D701C7F29260}.MinSizeRel|x86.ActiveCfg = Release|x64
		{100D06BD-65A4-4FD9-3080-D701C7F29260}.MinSizeRel|x86.Build.0 = Release|x64
		{100D06BD-65A4-4FD9-3080-D701C7F29260}.Release|x64.ActiveCfg = Release|x64
		{100D06BD-65A4-4FD9-3080-D701C7F29260}.Release|x64.Build.0 = Release|x64
		{100D06BD-65A4-4FD9-3080-D701C7F29260}.Release|x86.ActiveCfg = Release|x64
		{100D06BD-65A4-4FD9-3080-D701C7F29260}.Release|x86.Build.0 = Release|x64
		{100D06BD-65A4-4FD9-3080-D701C7F29260}.RelWithDebInfo|x64.ActiveCfg = Debug|x64
		{100D06BD-65A4-4FD9-3080-D701C7F29260}.RelWithDebInfo|x64.Build.0 = Debug|x64
		{100D06BD-65A4-4FD9-3080-D701C7F29260}.RelWithDebInfo|x86.ActiveCfg = Debug|x64
		{100D06BD-65A4-4FD9-3080-D701C7F29260}.RelWithDebInfo|x86.Build.0 = Debug|x64
		{577FBD81-039B-E742-D761-0FAAF71E23CD}.Debug|x64.ActiveCfg = Release|x64
		{577FBD81-039B-E742-D761-0FAAF71E23CD}.Debug|x64.Build.0 = Release|x64
		{577FBD81-039B-E742-D761-0FAAF71E23CD}.Debug|x86.ActiveCfg = Debug|x64
		{577FBD81-039B-E742-D761-0FAAF71E23CD}.Debug|x86.Build.0 = Debug|x64
		{577FBD81-039B-E742-D761-0FAAF71E23CD}.MinSizeRel|x64.ActiveCfg = Release|x64
		{577FBD81-039B-E742-D761-0FAAF71E23CD}.MinSizeRel|x64.Build.0 = Release|x64
		{577FBD81-039B-E742-D761-0FAAF71E23CD}.MinSizeRel|x86.ActiveCfg = Release|x64
		{577FBD81-039B-E742-D761-0FAAF71E23CD}.MinSizeRel|x86.Build.0 = Release|x64
		{577FBD81-039B-E742-D761-0FAAF71E23CD}.Release|x64.ActiveCfg = Release|x64
		{577FBD81-039B-E742-D761-0FAAF71E23CD}.Release|x64.Build.0 = Release|x64
		{577FBD81-039B-E742-D761-0FAAF71E23CD}.Release|x86.ActiveCfg = Release|x64
		{577FBD81-039B-E742-D761-0FAAF71E23CD}.Release|x86.Build.0 = Release|x64
		{577FBD81-039B-E742-D761-0FAAF71E23CD}.RelWithDebInfo|x64.ActiveCfg = Debug|x64
		{577FBD81-039B-E742-D761-0FAAF71E23CD}.RelWithDebInfo|x64.Build.0 = Debug|x64
		{577FBD81-039B-E742-D761-0FAAF71E23CD}.RelWithDebInfo|x86.ActiveCfg = Debug|x64
		{577FBD81-039B-E742-D761-0FAAF71E23CD}.RelWithDebInfo|x86.Build.0 = Debug|x64
		{7DE058AF-6E33-F9AA-B524-6634A8EBC9B6}.Debug|x64.ActiveCfg = Release|x64
		{7DE058AF-6E33-F9AA-B524-6634A8EBC9B6}.Debug|x64.Build.0 = Release|x64
		{7DE058AF-6E33-F9AA-B524-6634A8EBC9B6}.Debug|x86.ActiveCfg = Debug|Any CPU
		{7DE058AF-6E33-F9AA-B524-6634A8EBC9B6}.Debug|x86.Build.0 = Debug|Any CPU
		{7DE058AF-6E33-F9AA-B524-6634A8EBC9B6}.MinSizeRel|x64.ActiveCfg = Release|x64
		{7DE058AF-6E33-F9AA-B524-6634A8EBC9B6}.MinSizeRel|x64.Build.0 = Release|x64
		{7DE058AF-6E33-F9AA-B524-6634A8EBC9B6}.MinSizeRel|x86.ActiveCfg = Release|Any CPU
		{7DE058AF-6E33-F9AA-B524-6634A8EBC9B6}.MinSizeRel|x86.Build.0 = Release|Any CPU
		{7DE058AF-6E33-F9AA-B524-6634A8EBC9B6}.Release|x64.ActiveCfg = Release|x64
		{7DE058AF-6E33-F9AA-B524-6634A8EBC9B6}.Release|x64.Build.0 = Release|x64
		{7DE058AF-6E33-F9AA-B524-6634A8EBC9B6}.Release|x86.ActiveCfg = Release|Any CPU
		{7DE058AF-6E33-F9AA-B524-6634A8EBC9B6}.Release|x86.Build.0 = Release|Any CPU
		{7DE058AF-6E33-F9AA-B524-6634A8EBC9B6}.RelWithDebInfo|x64.ActiveCfg = Debug|x64
		{7DE058AF-6E33-F9AA-B524-6634A8EBC9B6}.RelWithDebInfo|x64.Build.0 = Debug|x64
		{7DE058AF-6E33-F9AA-B524-6634A8EBC9B6}.RelWithDebInfo|x86.ActiveCfg = Debug|Any CPU
		{7DE058AF-6E33-F9AA-B524-6634A8EBC9B6}.RelWithDebInfo|x86.Build.0 = Debug|Any CPU
		{8A1E5F3B-2C4D-4E6F-9A8B-1C2D3E4F5A6B}.Debug|x64.ActiveCfg = Release|x64
		{8A1E5F3B-2C4D-4E6F-9A8B-1C2D3E4F5A6B}.Debug|x64.Build.0 = Release|x64
		{8A1E5F3B-2C4D-4E6F-9A8B-1C2D3E4F5A6B}.Debug|x86.ActiveCfg = Debug|Win32
		{8A1E5F3B-2C4D-4E6F-9A8B-1C2D3E4F5A6B}.Debug|x86.Build.0 = Debug|Win32
		{8A1E5F3B-2C4D-4E6F-9A8B-1C2D3E4F5A6B}.MinSizeRel|x64.ActiveCfg = Release|x64
		{8A1E5F3B-2C4D-4E6F-9A8B-1C2D3E4F5A6B}.MinSizeRel|x64.Build.0 = Release|x64
		{8A1E5F3B-2C4D-4E6F-9A8B-1C2D3E4F5A6B}.MinSizeRel|x86.ActiveCfg = Release|Win32
		{8A1E5F3B-2C4D-4E6F-9A8B-1C2D3E4F5A6B}.MinSizeRel|x86.Build.0 = Release|Win32
		{8A1E5F3B-2C4D-4E6F-9A8B-1C2D3E4F5A6B}.Release|x64.ActiveCfg = Release|x64
		{8A1E5F3B-2C4D-4E6F-9A8B-1C2D3E4F5A6B}.Release|x64.Build.0 = Release|x64
		{8A1E5F3B-2C4D-4E6F-9A8B-1C2D3E4F5A6B}.Release|x86.ActiveCfg = Release|Win32
		{8A1E5F3B-2C4D-4E6F-9A8B-1C2D3E4F5A6B}.Release|x86.Build.0 = Release|Win32
		{8A1E5F3B-2C4D-4E6F-9A8B-1C2D3E4F5A6B}.RelWithDebInfo|x64.ActiveCfg = Debug|x64
		{8A1E5F3B-2C4D-4E6F-9A8B-1C2D3E4F5A6B}.RelWithDebInfo|x64.Build.0 = Debug|x64
		{8A1E5F3B-2C4D-4E6F-9A8B-1C2D3E4F5A6B}.RelWithDebInfo|x86.ActiveCfg = Debug|Win32
		{8A1E5F3B-2C4D-4E6F-9A8B-1C2D3E4F5A6B}.RelWithDebInfo|x86.Build.0 = Debug|Win32
		{31593C89-9184-C412-C7EF-2544CB1F6C9A}.Debug|x64.ActiveCfg = Debug|x64
		{31593C89-9184-C412-C7EF-2544CB1F6C9A}.Debug|x64.Build.0 = Debug|x64
		{31593C89-9184-C412-C7EF-2544CB1F6C9A}.Debug|x86.ActiveCfg = Debug|x64
		{31593C89-9184-C412-C7EF-2544CB1F6C9A}.Debug|x86.Build.0 = Debug|x64
		{31593C89-9184-C412-C7EF-2544CB1F6C9A}.MinSizeRel|x64.ActiveCfg = Release|x64
		{31593C89-9184-C412-C7EF-2544CB1F6C9A}.MinSizeRel|x64.Build.0 = Release|x64
		{31593C89-9184-C412-C7EF-2544CB1F6C9A}.MinSizeRel|x86.ActiveCfg = Release|x64
		{31593C89-9184-C412-C7EF-2544CB1F6C9A}.MinSizeRel|x86.Build.0 = Release|x64
		{31593C89-9184-C412-C7EF-2544CB1F6C9A}.Release|x64.ActiveCfg = Release|x64
		{31593C89-9184-C412-C7EF-2544CB1F6C9A}.Release|x64.Build.0 = Release|x64
		{31593C89-9184-C412-C7EF-2544CB1F6C9A}.Release|x86.ActiveCfg = Release|x64
		{31593C89-9184-C412-C7EF-2544CB1F6C9A}.Release|x86.Build.0 = Release|x64
		{31593C89-9184-C412-C7EF-2544CB1F6C9A}.RelWithDebInfo|x64.ActiveCfg = Debug|x64
		{31593C89-9184-C412-C7EF-2544CB1F6C9A}.RelWithDebInfo|x64.Build.0 = Debug|x64
		{31593C89-9184-C412-C7EF-2544CB1F6C9A}.RelWithDebInfo|x86.ActiveCfg = Debug|x64
		{31593C89-9184-C412-C7EF-2544CB1F6C9A}.RelWithDebInfo|x86.Build.0 = Debug|x64
	EndGlobalSection
	GlobalSection(SolutionProperties) = preSolution
		HideSolutionNode = FALSE
	EndGlobalSection
	GlobalSection(ExtensibilityGlobals) = postSolution
		SolutionGuid = {78588B88-7C25-4985-91BB-09C1FBFF3A6E}
	EndGlobalSection
EndGlobal
