
Microsoft Visual Studio Solution File, Format Version 12.00
# Visual Studio Version 17
VisualStudioVersion = 17.0.32112.339
MinimumVisualStudioVersion = 10.0.40219.1
Project("{2150E333-8FDC-42A3-9474-1A3956D46DE8}") = "Cameras", "Cameras", "{528AA97C-F7BD-43CE-B19C-FDB2CA04D249}"
EndProject
Project("{2150E333-8FDC-42A3-9474-1A3956D46DE8}") = "OpenGL", "OpenGL", "{BAD359E1-517D-4615-84D6-A183B4585AFC}"
EndProject
Project("{F184B08F-C81C-45F6-A57F-5ABD9991F28F}") = "UI_Generator", "UI_Generator\UI_Generator.vbproj", "{CAC826CF-7103-4245-9C09-C0C2E8BBCAF1}"
EndProject
Project("{8BC9CEB8-8B4A-11D0-8D11-00A0C91BC942}") = "Cam_Zed2", "Cameras\StereoLabsZed2\StereoLabsZed2.vcxproj", "{2ABFA7F4-07A8-48A0-ADC4-30FDF2B6EF20}"
EndProject
Project("{FAE04EC0-301F-11D3-BF4B-00C04F79EFBC}") = "CS_Classes", "CS_Classes\CS_Classes.csproj", "{FEFE40B6-EB52-45C7-BD10-27968E1D6B2D}"
EndProject
Project("{F184B08F-C81C-45F6-A57F-5ABD9991F28F}") = "VB_Editor", "VB_Editor\VB_Editor.vbproj", "{1FBCF052-DE42-4F5C-9F19-3503A3F5B03F}"
EndProject
Project("{8BC9CEB8-8B4A-11D0-8D11-00A0C91BC942}") = "OpenGL_Functions", "OpenGL\OpenGL_Functions\OpenGL_Functions.vcxproj", "{2F1A4D85-BD75-4528-A1BC-D605EF6E52CF}"
EndProject
Project("{8BC9CEB8-8B4A-11D0-8D11-00A0C91BC942}") = "Cam_Oak-D", "OakD\Build\Cam_Oak-D.vcxproj", "{734C81C7-C22D-3344-8349-51AABFD5B302}"
EndProject
Project("{8BC9CEB8-8B4A-11D0-8D11-00A0C91BC942}") = "Cam_MyntD", "Cameras\MyntD\MyntD.vcxproj", "{A51AC91D-B439-4632-B0F9-3A6025C3492E}"
EndProject
Project("{F184B08F-C81C-45F6-A57F-5ABD9991F28F}") = "VB_Classes", "VB_Classes\VB_Classes.vbproj", "{735A2264-8A36-4D0A-ADE0-2BFAD6734401}"
	ProjectSection(ProjectDependencies) = postProject
		{F867E11C-A392-4EA0-9F32-6CCBE3E753FC} = {F867E11C-A392-4EA0-9F32-6CCBE3E753FC}
	EndProjectSection
EndProject
Project("{8BC9CEB8-8B4A-11D0-8D11-00A0C91BC942}") = "Cam_K4A", "Cameras\Kinect4Azure\Kinect4Azure.vcxproj", "{47DA8B5E-0839-46A0-8C49-41DC42A72268}"
EndProject
Project("{8BC9CEB8-8B4A-11D0-8D11-00A0C91BC942}") = "OpenGL_Basics", "OpenGL\OpenGL_Basics\OpenGL_Basics.vcxproj", "{E9B766D5-64B6-4899-A008-5BB638B68B28}"
EndProject
Project("{8BC9CEB8-8B4A-11D0-8D11-00A0C91BC942}") = "CPP_Classes", "CPP_Classes\CPP_Classes.vcxproj", "{F867E11C-A392-4EA0-9F32-6CCBE3E753FC}"
EndProject
Project("{8BC9CEB8-8B4A-11D0-8D11-00A0C91BC942}") = "Cam_RS2", "Cameras\CamRS2\Cam_RS2.vcxproj", "{7E39A14A-E4A3-48EC-B771-CCE2BC0C5398}"
EndProject
Project("{778DAE3C-4631-46EA-AA77-85C1314464D9}") = "Python_Classes", "Python_Classes\Python_Classes.vbproj", "{65EA4AC5-76CE-4283-9976-0053713B267A}"
EndProject
Project("{8BC9CEB8-8B4A-11D0-8D11-00A0C91BC942}") = "Cam_ORB335L", "Cameras\Orb335L\Orb335L.vcxproj", "{21E8AB1A-48A3-4A5E-BB4E-7F2BB9E554B9}"
EndProject
Project("{778DAE3C-4631-46EA-AA77-85C1314464D9}") = "Translator", "Translator\Translator.vbproj", "{C5E41FC7-7EBA-490E-8CC3-8EA72F912436}"
EndProject
Project("{778DAE3C-4631-46EA-AA77-85C1314464D9}") = "Main", "OpenCVB_UI\Main.vbproj", "{B511CD10-814A-4010-B2C3-1FE2DE214CBA}"
EndProject
Project("{778DAE3C-4631-46EA-AA77-85C1314464D9}") = "GifBuilder", "GifBuilder\GifBuilder.vbproj", "{72139D66-982F-473B-BBD9-3182D1B5240F}"
EndProject
Project("{F184B08F-C81C-45F6-A57F-5ABD9991F28F}") = "OpenCVB", "OpenCVB\OpenCVB.vbproj", "{0A8F9C2E-8EDF-4487-AFEB-0ECA797816B4}"
EndProject
Global
	GlobalSection(SolutionConfigurationPlatforms) = preSolution
		Debug|Any CPU = Debug|Any CPU
		Debug|x64 = Debug|x64
		MinSizeRel|Any CPU = MinSizeRel|Any CPU
		MinSizeRel|x64 = MinSizeRel|x64
		Release|Any CPU = Release|Any CPU
		Release|x64 = Release|x64
		RelWithDebInfo|Any CPU = RelWithDebInfo|Any CPU
		RelWithDebInfo|x64 = RelWithDebInfo|x64
	EndGlobalSection
	GlobalSection(ProjectConfigurationPlatforms) = postSolution
		{CAC826CF-7103-4245-9C09-C0C2E8BBCAF1}.Debug|Any CPU.ActiveCfg = Debug|Any CPU
		{CAC826CF-7103-4245-9C09-C0C2E8BBCAF1}.Debug|Any CPU.Build.0 = Debug|Any CPU
		{CAC826CF-7103-4245-9C09-C0C2E8BBCAF1}.Debug|x64.ActiveCfg = Release|x64
		{CAC826CF-7103-4245-9C09-C0C2E8BBCAF1}.Debug|x64.Build.0 = Release|x64
		{CAC826CF-7103-4245-9C09-C0C2E8BBCAF1}.MinSizeRel|Any CPU.ActiveCfg = Debug|Any CPU
		{CAC826CF-7103-4245-9C09-C0C2E8BBCAF1}.MinSizeRel|Any CPU.Build.0 = Debug|Any CPU
		{CAC826CF-7103-4245-9C09-C0C2E8BBCAF1}.MinSizeRel|x64.ActiveCfg = Debug|x64
		{CAC826CF-7103-4245-9C09-C0C2E8BBCAF1}.MinSizeRel|x64.Build.0 = Debug|x64
		{CAC826CF-7103-4245-9C09-C0C2E8BBCAF1}.Release|Any CPU.ActiveCfg = Release|Any CPU
		{CAC826CF-7103-4245-9C09-C0C2E8BBCAF1}.Release|Any CPU.Build.0 = Release|Any CPU
		{CAC826CF-7103-4245-9C09-C0C2E8BBCAF1}.Release|x64.ActiveCfg = Release|x64
		{CAC826CF-7103-4245-9C09-C0C2E8BBCAF1}.Release|x64.Build.0 = Release|x64
		{CAC826CF-7103-4245-9C09-C0C2E8BBCAF1}.RelWithDebInfo|Any CPU.ActiveCfg = Release|Any CPU
		{CAC826CF-7103-4245-9C09-C0C2E8BBCAF1}.RelWithDebInfo|Any CPU.Build.0 = Release|Any CPU
		{CAC826CF-7103-4245-9C09-C0C2E8BBCAF1}.RelWithDebInfo|x64.ActiveCfg = Release|x64
		{CAC826CF-7103-4245-9C09-C0C2E8BBCAF1}.RelWithDebInfo|x64.Build.0 = Release|x64
		{2ABFA7F4-07A8-48A0-ADC4-30FDF2B6EF20}.Debug|Any CPU.ActiveCfg = Debug|x64
		{2ABFA7F4-07A8-48A0-ADC4-30FDF2B6EF20}.Debug|Any CPU.Build.0 = Debug|x64
		{2ABFA7F4-07A8-48A0-ADC4-30FDF2B6EF20}.Debug|x64.ActiveCfg = Release|x64
		{2ABFA7F4-07A8-48A0-ADC4-30FDF2B6EF20}.Debug|x64.Build.0 = Release|x64
		{2ABFA7F4-07A8-48A0-ADC4-30FDF2B6EF20}.MinSizeRel|Any CPU.ActiveCfg = Debug|x64
		{2ABFA7F4-07A8-48A0-ADC4-30FDF2B6EF20}.MinSizeRel|Any CPU.Build.0 = Debug|x64
		{2ABFA7F4-07A8-48A0-ADC4-30FDF2B6EF20}.MinSizeRel|x64.ActiveCfg = Debug|x64
		{2ABFA7F4-07A8-48A0-ADC4-30FDF2B6EF20}.MinSizeRel|x64.Build.0 = Debug|x64
		{2ABFA7F4-07A8-48A0-ADC4-30FDF2B6EF20}.Release|Any CPU.ActiveCfg = Release|x64
		{2ABFA7F4-07A8-48A0-ADC4-30FDF2B6EF20}.Release|Any CPU.Build.0 = Release|x64
		{2ABFA7F4-07A8-48A0-ADC4-30FDF2B6EF20}.Release|x64.ActiveCfg = Release|x64
		{2ABFA7F4-07A8-48A0-ADC4-30FDF2B6EF20}.Release|x64.Build.0 = Release|x64
		{2ABFA7F4-07A8-48A0-ADC4-30FDF2B6EF20}.RelWithDebInfo|Any CPU.ActiveCfg = Release|x64
		{2ABFA7F4-07A8-48A0-ADC4-30FDF2B6EF20}.RelWithDebInfo|Any CPU.Build.0 = Release|x64
		{2ABFA7F4-07A8-48A0-ADC4-30FDF2B6EF20}.RelWithDebInfo|x64.ActiveCfg = Release|x64
		{2ABFA7F4-07A8-48A0-ADC4-30FDF2B6EF20}.RelWithDebInfo|x64.Build.0 = Release|x64
		{FEFE40B6-EB52-45C7-BD10-27968E1D6B2D}.Debug|Any CPU.ActiveCfg = Debug|Any CPU
		{FEFE40B6-EB52-45C7-BD10-27968E1D6B2D}.Debug|Any CPU.Build.0 = Debug|Any CPU
		{FEFE40B6-EB52-45C7-BD10-27968E1D6B2D}.Debug|x64.ActiveCfg = Debug|x64
		{FEFE40B6-EB52-45C7-BD10-27968E1D6B2D}.Debug|x64.Build.0 = Debug|x64
		{FEFE40B6-EB52-45C7-BD10-27968E1D6B2D}.MinSizeRel|Any CPU.ActiveCfg = Debug|Any CPU
		{FEFE40B6-EB52-45C7-BD10-27968E1D6B2D}.MinSizeRel|Any CPU.Build.0 = Debug|Any CPU
		{FEFE40B6-EB52-45C7-BD10-27968E1D6B2D}.MinSizeRel|x64.ActiveCfg = Release|x64
		{FEFE40B6-EB52-45C7-BD10-27968E1D6B2D}.MinSizeRel|x64.Build.0 = Release|x64
		{FEFE40B6-EB52-45C7-BD10-27968E1D6B2D}.Release|Any CPU.ActiveCfg = Release|Any CPU
		{FEFE40B6-EB52-45C7-BD10-27968E1D6B2D}.Release|Any CPU.Build.0 = Release|Any CPU
		{FEFE40B6-EB52-45C7-BD10-27968E1D6B2D}.Release|x64.ActiveCfg = Release|x64
		{FEFE40B6-EB52-45C7-BD10-27968E1D6B2D}.Release|x64.Build.0 = Release|x64
		{FEFE40B6-EB52-45C7-BD10-27968E1D6B2D}.RelWithDebInfo|Any CPU.ActiveCfg = Release|Any CPU
		{FEFE40B6-EB52-45C7-BD10-27968E1D6B2D}.RelWithDebInfo|Any CPU.Build.0 = Release|Any CPU
		{FEFE40B6-EB52-45C7-BD10-27968E1D6B2D}.RelWithDebInfo|x64.ActiveCfg = Release|x64
		{FEFE40B6-EB52-45C7-BD10-27968E1D6B2D}.RelWithDebInfo|x64.Build.0 = Release|x64
		{1FBCF052-DE42-4F5C-9F19-3503A3F5B03F}.Debug|Any CPU.ActiveCfg = Debug|Any CPU
		{1FBCF052-DE42-4F5C-9F19-3503A3F5B03F}.Debug|Any CPU.Build.0 = Debug|Any CPU
		{1FBCF052-DE42-4F5C-9F19-3503A3F5B03F}.Debug|x64.ActiveCfg = Debug|x64
		{1FBCF052-DE42-4F5C-9F19-3503A3F5B03F}.Debug|x64.Build.0 = Debug|x64
		{1FBCF052-DE42-4F5C-9F19-3503A3F5B03F}.MinSizeRel|Any CPU.ActiveCfg = Debug|Any CPU
		{1FBCF052-DE42-4F5C-9F19-3503A3F5B03F}.MinSizeRel|Any CPU.Build.0 = Debug|Any CPU
		{1FBCF052-DE42-4F5C-9F19-3503A3F5B03F}.MinSizeRel|x64.ActiveCfg = Release|x64
		{1FBCF052-DE42-4F5C-9F19-3503A3F5B03F}.MinSizeRel|x64.Build.0 = Release|x64
		{1FBCF052-DE42-4F5C-9F19-3503A3F5B03F}.Release|Any CPU.ActiveCfg = Release|Any CPU
		{1FBCF052-DE42-4F5C-9F19-3503A3F5B03F}.Release|Any CPU.Build.0 = Release|Any CPU
		{1FBCF052-DE42-4F5C-9F19-3503A3F5B03F}.Release|x64.ActiveCfg = Release|x64
		{1FBCF052-DE42-4F5C-9F19-3503A3F5B03F}.Release|x64.Build.0 = Release|x64
		{1FBCF052-DE42-4F5C-9F19-3503A3F5B03F}.RelWithDebInfo|Any CPU.ActiveCfg = Release|Any CPU
		{1FBCF052-DE42-4F5C-9F19-3503A3F5B03F}.RelWithDebInfo|Any CPU.Build.0 = Release|Any CPU
		{1FBCF052-DE42-4F5C-9F19-3503A3F5B03F}.RelWithDebInfo|x64.ActiveCfg = Release|x64
		{1FBCF052-DE42-4F5C-9F19-3503A3F5B03F}.RelWithDebInfo|x64.Build.0 = Release|x64
		{2F1A4D85-BD75-4528-A1BC-D605EF6E52CF}.Debug|Any CPU.ActiveCfg = Debug|x64
		{2F1A4D85-BD75-4528-A1BC-D605EF6E52CF}.Debug|Any CPU.Build.0 = Debug|x64
		{2F1A4D85-BD75-4528-A1BC-D605EF6E52CF}.Debug|x64.ActiveCfg = Release|x64
		{2F1A4D85-BD75-4528-A1BC-D605EF6E52CF}.Debug|x64.Build.0 = Release|x64
		{2F1A4D85-BD75-4528-A1BC-D605EF6E52CF}.MinSizeRel|Any CPU.ActiveCfg = Debug|x64
		{2F1A4D85-BD75-4528-A1BC-D605EF6E52CF}.MinSizeRel|Any CPU.Build.0 = Debug|x64
		{2F1A4D85-BD75-4528-A1BC-D605EF6E52CF}.MinSizeRel|x64.ActiveCfg = Debug|x64
		{2F1A4D85-BD75-4528-A1BC-D605EF6E52CF}.MinSizeRel|x64.Build.0 = Debug|x64
		{2F1A4D85-BD75-4528-A1BC-D605EF6E52CF}.Release|Any CPU.ActiveCfg = Release|x64
		{2F1A4D85-BD75-4528-A1BC-D605EF6E52CF}.Release|Any CPU.Build.0 = Release|x64
		{2F1A4D85-BD75-4528-A1BC-D605EF6E52CF}.Release|x64.ActiveCfg = Release|x64
		{2F1A4D85-BD75-4528-A1BC-D605EF6E52CF}.Release|x64.Build.0 = Release|x64
		{2F1A4D85-BD75-4528-A1BC-D605EF6E52CF}.RelWithDebInfo|Any CPU.ActiveCfg = Release|x64
		{2F1A4D85-BD75-4528-A1BC-D605EF6E52CF}.RelWithDebInfo|Any CPU.Build.0 = Release|x64
		{2F1A4D85-BD75-4528-A1BC-D605EF6E52CF}.RelWithDebInfo|x64.ActiveCfg = Release|x64
		{2F1A4D85-BD75-4528-A1BC-D605EF6E52CF}.RelWithDebInfo|x64.Build.0 = Release|x64
		{734C81C7-C22D-3344-8349-51AABFD5B302}.Debug|Any CPU.ActiveCfg = Debug|x64
		{734C81C7-C22D-3344-8349-51AABFD5B302}.Debug|Any CPU.Build.0 = Debug|x64
		{734C81C7-C22D-3344-8349-51AABFD5B302}.Debug|x64.ActiveCfg = Release|x64
		{734C81C7-C22D-3344-8349-51AABFD5B302}.Debug|x64.Build.0 = Release|x64
		{734C81C7-C22D-3344-8349-51AABFD5B302}.MinSizeRel|Any CPU.ActiveCfg = MinSizeRel|x64
		{734C81C7-C22D-3344-8349-51AABFD5B302}.MinSizeRel|Any CPU.Build.0 = MinSizeRel|x64
		{734C81C7-C22D-3344-8349-51AABFD5B302}.MinSizeRel|x64.ActiveCfg = MinSizeRel|x64
		{734C81C7-C22D-3344-8349-51AABFD5B302}.MinSizeRel|x64.Build.0 = MinSizeRel|x64
		{734C81C7-C22D-3344-8349-51AABFD5B302}.Release|Any CPU.ActiveCfg = Release|x64
		{734C81C7-C22D-3344-8349-51AABFD5B302}.Release|Any CPU.Build.0 = Release|x64
		{734C81C7-C22D-3344-8349-51AABFD5B302}.Release|x64.ActiveCfg = Release|x64
		{734C81C7-C22D-3344-8349-51AABFD5B302}.Release|x64.Build.0 = Release|x64
		{734C81C7-C22D-3344-8349-51AABFD5B302}.RelWithDebInfo|Any CPU.ActiveCfg = RelWithDebInfo|x64
		{734C81C7-C22D-3344-8349-51AABFD5B302}.RelWithDebInfo|Any CPU.Build.0 = RelWithDebInfo|x64
		{734C81C7-C22D-3344-8349-51AABFD5B302}.RelWithDebInfo|x64.ActiveCfg = RelWithDebInfo|x64
		{734C81C7-C22D-3344-8349-51AABFD5B302}.RelWithDebInfo|x64.Build.0 = RelWithDebInfo|x64
		{A51AC91D-B439-4632-B0F9-3A6025C3492E}.Debug|Any CPU.ActiveCfg = Debug|x64
		{A51AC91D-B439-4632-B0F9-3A6025C3492E}.Debug|Any CPU.Build.0 = Debug|x64
		{A51AC91D-B439-4632-B0F9-3A6025C3492E}.Debug|x64.ActiveCfg = Release|x64
		{A51AC91D-B439-4632-B0F9-3A6025C3492E}.Debug|x64.Build.0 = Release|x64
		{A51AC91D-B439-4632-B0F9-3A6025C3492E}.MinSizeRel|Any CPU.ActiveCfg = Debug|x64
		{A51AC91D-B439-4632-B0F9-3A6025C3492E}.MinSizeRel|Any CPU.Build.0 = Debug|x64
		{A51AC91D-B439-4632-B0F9-3A6025C3492E}.MinSizeRel|x64.ActiveCfg = Debug|x64
		{A51AC91D-B439-4632-B0F9-3A6025C3492E}.MinSizeRel|x64.Build.0 = Debug|x64
		{A51AC91D-B439-4632-B0F9-3A6025C3492E}.Release|Any CPU.ActiveCfg = Release|x64
		{A51AC91D-B439-4632-B0F9-3A6025C3492E}.Release|Any CPU.Build.0 = Release|x64
		{A51AC91D-B439-4632-B0F9-3A6025C3492E}.Release|x64.ActiveCfg = Release|x64
		{A51AC91D-B439-4632-B0F9-3A6025C3492E}.Release|x64.Build.0 = Release|x64
		{A51AC91D-B439-4632-B0F9-3A6025C3492E}.RelWithDebInfo|Any CPU.ActiveCfg = Release|x64
		{A51AC91D-B439-4632-B0F9-3A6025C3492E}.RelWithDebInfo|Any CPU.Build.0 = Release|x64
		{A51AC91D-B439-4632-B0F9-3A6025C3492E}.RelWithDebInfo|x64.ActiveCfg = Release|x64
		{A51AC91D-B439-4632-B0F9-3A6025C3492E}.RelWithDebInfo|x64.Build.0 = Release|x64
		{735A2264-8A36-4D0A-ADE0-2BFAD6734401}.Debug|Any CPU.ActiveCfg = Debug|Any CPU
		{735A2264-8A36-4D0A-ADE0-2BFAD6734401}.Debug|Any CPU.Build.0 = Debug|Any CPU
		{735A2264-8A36-4D0A-ADE0-2BFAD6734401}.Debug|x64.ActiveCfg = Debug|x64
		{735A2264-8A36-4D0A-ADE0-2BFAD6734401}.Debug|x64.Build.0 = Debug|x64
		{735A2264-8A36-4D0A-ADE0-2BFAD6734401}.MinSizeRel|Any CPU.ActiveCfg = Debug|Any CPU
		{735A2264-8A36-4D0A-ADE0-2BFAD6734401}.MinSizeRel|Any CPU.Build.0 = Debug|Any CPU
		{735A2264-8A36-4D0A-ADE0-2BFAD6734401}.MinSizeRel|x64.ActiveCfg = Debug|x64
		{735A2264-8A36-4D0A-ADE0-2BFAD6734401}.MinSizeRel|x64.Build.0 = Debug|x64
		{735A2264-8A36-4D0A-ADE0-2BFAD6734401}.Release|Any CPU.ActiveCfg = Release|Any CPU
		{735A2264-8A36-4D0A-ADE0-2BFAD6734401}.Release|Any CPU.Build.0 = Release|Any CPU
		{735A2264-8A36-4D0A-ADE0-2BFAD6734401}.Release|x64.ActiveCfg = Release|x64
		{735A2264-8A36-4D0A-ADE0-2BFAD6734401}.Release|x64.Build.0 = Release|x64
		{735A2264-8A36-4D0A-ADE0-2BFAD6734401}.RelWithDebInfo|Any CPU.ActiveCfg = Release|Any CPU
		{735A2264-8A36-4D0A-ADE0-2BFAD6734401}.RelWithDebInfo|Any CPU.Build.0 = Release|Any CPU
		{735A2264-8A36-4D0A-ADE0-2BFAD6734401}.RelWithDebInfo|x64.ActiveCfg = Release|x64
		{735A2264-8A36-4D0A-ADE0-2BFAD6734401}.RelWithDebInfo|x64.Build.0 = Release|x64
		{47DA8B5E-0839-46A0-8C49-41DC42A72268}.Debug|Any CPU.ActiveCfg = Debug|x64
		{47DA8B5E-0839-46A0-8C49-41DC42A72268}.Debug|Any CPU.Build.0 = Debug|x64
		{47DA8B5E-0839-46A0-8C49-41DC42A72268}.Debug|x64.ActiveCfg = Release|x64
		{47DA8B5E-0839-46A0-8C49-41DC42A72268}.Debug|x64.Build.0 = Release|x64
		{47DA8B5E-0839-46A0-8C49-41DC42A72268}.MinSizeRel|Any CPU.ActiveCfg = Debug|x64
		{47DA8B5E-0839-46A0-8C49-41DC42A72268}.MinSizeRel|Any CPU.Build.0 = Debug|x64
		{47DA8B5E-0839-46A0-8C49-41DC42A72268}.MinSizeRel|x64.ActiveCfg = Debug|x64
		{47DA8B5E-0839-46A0-8C49-41DC42A72268}.MinSizeRel|x64.Build.0 = Debug|x64
		{47DA8B5E-0839-46A0-8C49-41DC42A72268}.Release|Any CPU.ActiveCfg = Release|x64
		{47DA8B5E-0839-46A0-8C49-41DC42A72268}.Release|Any CPU.Build.0 = Release|x64
		{47DA8B5E-0839-46A0-8C49-41DC42A72268}.Release|x64.ActiveCfg = Release|x64
		{47DA8B5E-0839-46A0-8C49-41DC42A72268}.Release|x64.Build.0 = Release|x64
		{47DA8B5E-0839-46A0-8C49-41DC42A72268}.RelWithDebInfo|Any CPU.ActiveCfg = Release|x64
		{47DA8B5E-0839-46A0-8C49-41DC42A72268}.RelWithDebInfo|Any CPU.Build.0 = Release|x64
		{47DA8B5E-0839-46A0-8C49-41DC42A72268}.RelWithDebInfo|x64.ActiveCfg = Release|x64
		{47DA8B5E-0839-46A0-8C49-41DC42A72268}.RelWithDebInfo|x64.Build.0 = Release|x64
		{E9B766D5-64B6-4899-A008-5BB638B68B28}.Debug|Any CPU.ActiveCfg = Debug|x64
		{E9B766D5-64B6-4899-A008-5BB638B68B28}.Debug|Any CPU.Build.0 = Debug|x64
		{E9B766D5-64B6-4899-A008-5BB638B68B28}.Debug|x64.ActiveCfg = Release|x64
		{E9B766D5-64B6-4899-A008-5BB638B68B28}.Debug|x64.Build.0 = Release|x64
		{E9B766D5-64B6-4899-A008-5BB638B68B28}.MinSizeRel|Any CPU.ActiveCfg = Debug|x64
		{E9B766D5-64B6-4899-A008-5BB638B68B28}.MinSizeRel|Any CPU.Build.0 = Debug|x64
		{E9B766D5-64B6-4899-A008-5BB638B68B28}.MinSizeRel|x64.ActiveCfg = Debug|x64
		{E9B766D5-64B6-4899-A008-5BB638B68B28}.MinSizeRel|x64.Build.0 = Debug|x64
		{E9B766D5-64B6-4899-A008-5BB638B68B28}.Release|Any CPU.ActiveCfg = Release|x64
		{E9B766D5-64B6-4899-A008-5BB638B68B28}.Release|Any CPU.Build.0 = Release|x64
		{E9B766D5-64B6-4899-A008-5BB638B68B28}.Release|x64.ActiveCfg = Release|x64
		{E9B766D5-64B6-4899-A008-5BB638B68B28}.Release|x64.Build.0 = Release|x64
		{E9B766D5-64B6-4899-A008-5BB638B68B28}.RelWithDebInfo|Any CPU.ActiveCfg = Release|x64
		{E9B766D5-64B6-4899-A008-5BB638B68B28}.RelWithDebInfo|Any CPU.Build.0 = Release|x64
		{E9B766D5-64B6-4899-A008-5BB638B68B28}.RelWithDebInfo|x64.ActiveCfg = Release|x64
		{E9B766D5-64B6-4899-A008-5BB638B68B28}.RelWithDebInfo|x64.Build.0 = Release|x64
		{F867E11C-A392-4EA0-9F32-6CCBE3E753FC}.Debug|Any CPU.ActiveCfg = Debug|x64
		{F867E11C-A392-4EA0-9F32-6CCBE3E753FC}.Debug|Any CPU.Build.0 = Debug|x64
		{F867E11C-A392-4EA0-9F32-6CCBE3E753FC}.Debug|x64.ActiveCfg = Debug|x64
		{F867E11C-A392-4EA0-9F32-6CCBE3E753FC}.Debug|x64.Build.0 = Debug|x64
		{F867E11C-A392-4EA0-9F32-6CCBE3E753FC}.MinSizeRel|Any CPU.ActiveCfg = Release|x64
		{F867E11C-A392-4EA0-9F32-6CCBE3E753FC}.MinSizeRel|Any CPU.Build.0 = Release|x64
		{F867E11C-A392-4EA0-9F32-6CCBE3E753FC}.MinSizeRel|x64.ActiveCfg = Debug|x64
		{F867E11C-A392-4EA0-9F32-6CCBE3E753FC}.MinSizeRel|x64.Build.0 = Debug|x64
		{F867E11C-A392-4EA0-9F32-6CCBE3E753FC}.Release|Any CPU.ActiveCfg = Release|x64
		{F867E11C-A392-4EA0-9F32-6CCBE3E753FC}.Release|Any CPU.Build.0 = Release|x64
		{F867E11C-A392-4EA0-9F32-6CCBE3E753FC}.Release|x64.ActiveCfg = Release|x64
		{F867E11C-A392-4EA0-9F32-6CCBE3E753FC}.Release|x64.Build.0 = Release|x64
		{F867E11C-A392-4EA0-9F32-6CCBE3E753FC}.RelWithDebInfo|Any CPU.ActiveCfg = Release|x64
		{F867E11C-A392-4EA0-9F32-6CCBE3E753FC}.RelWithDebInfo|Any CPU.Build.0 = Release|x64
		{F867E11C-A392-4EA0-9F32-6CCBE3E753FC}.RelWithDebInfo|x64.ActiveCfg = Release|x64
		{F867E11C-A392-4EA0-9F32-6CCBE3E753FC}.RelWithDebInfo|x64.Build.0 = Release|x64
		{7E39A14A-E4A3-48EC-B771-CCE2BC0C5398}.Debug|Any CPU.ActiveCfg = Debug|x64
		{7E39A14A-E4A3-48EC-B771-CCE2BC0C5398}.Debug|Any CPU.Build.0 = Debug|x64
		{7E39A14A-E4A3-48EC-B771-CCE2BC0C5398}.Debug|x64.ActiveCfg = Release|x64
		{7E39A14A-E4A3-48EC-B771-CCE2BC0C5398}.Debug|x64.Build.0 = Release|x64
		{7E39A14A-E4A3-48EC-B771-CCE2BC0C5398}.MinSizeRel|Any CPU.ActiveCfg = Debug|x64
		{7E39A14A-E4A3-48EC-B771-CCE2BC0C5398}.MinSizeRel|Any CPU.Build.0 = Debug|x64
		{7E39A14A-E4A3-48EC-B771-CCE2BC0C5398}.MinSizeRel|x64.ActiveCfg = Debug|x64
		{7E39A14A-E4A3-48EC-B771-CCE2BC0C5398}.MinSizeRel|x64.Build.0 = Debug|x64
		{7E39A14A-E4A3-48EC-B771-CCE2BC0C5398}.Release|Any CPU.ActiveCfg = Release|x64
		{7E39A14A-E4A3-48EC-B771-CCE2BC0C5398}.Release|Any CPU.Build.0 = Release|x64
		{7E39A14A-E4A3-48EC-B771-CCE2BC0C5398}.Release|x64.ActiveCfg = Release|x64
		{7E39A14A-E4A3-48EC-B771-CCE2BC0C5398}.Release|x64.Build.0 = Release|x64
		{7E39A14A-E4A3-48EC-B771-CCE2BC0C5398}.RelWithDebInfo|Any CPU.ActiveCfg = Release|x64
		{7E39A14A-E4A3-48EC-B771-CCE2BC0C5398}.RelWithDebInfo|Any CPU.Build.0 = Release|x64
		{7E39A14A-E4A3-48EC-B771-CCE2BC0C5398}.RelWithDebInfo|x64.ActiveCfg = Release|x64
		{7E39A14A-E4A3-48EC-B771-CCE2BC0C5398}.RelWithDebInfo|x64.Build.0 = Release|x64
		{65EA4AC5-76CE-4283-9976-0053713B267A}.Debug|Any CPU.ActiveCfg = Debug|Any CPU
		{65EA4AC5-76CE-4283-9976-0053713B267A}.Debug|Any CPU.Build.0 = Debug|Any CPU
		{65EA4AC5-76CE-4283-9976-0053713B267A}.Debug|x64.ActiveCfg = Debug|x64
		{65EA4AC5-76CE-4283-9976-0053713B267A}.Debug|x64.Build.0 = Debug|x64
		{65EA4AC5-76CE-4283-9976-0053713B267A}.MinSizeRel|Any CPU.ActiveCfg = Release|Any CPU
		{65EA4AC5-76CE-4283-9976-0053713B267A}.MinSizeRel|Any CPU.Build.0 = Release|Any CPU
		{65EA4AC5-76CE-4283-9976-0053713B267A}.MinSizeRel|x64.ActiveCfg = Debug|Any CPU
		{65EA4AC5-76CE-4283-9976-0053713B267A}.MinSizeRel|x64.Build.0 = Debug|Any CPU
		{65EA4AC5-76CE-4283-9976-0053713B267A}.Release|Any CPU.ActiveCfg = Release|Any CPU
		{65EA4AC5-76CE-4283-9976-0053713B267A}.Release|Any CPU.Build.0 = Release|Any CPU
		{65EA4AC5-76CE-4283-9976-0053713B267A}.Release|x64.ActiveCfg = Release|Any CPU
		{65EA4AC5-76CE-4283-9976-0053713B267A}.Release|x64.Build.0 = Release|Any CPU
		{65EA4AC5-76CE-4283-9976-0053713B267A}.RelWithDebInfo|Any CPU.ActiveCfg = Release|Any CPU
		{65EA4AC5-76CE-4283-9976-0053713B267A}.RelWithDebInfo|Any CPU.Build.0 = Release|Any CPU
		{65EA4AC5-76CE-4283-9976-0053713B267A}.RelWithDebInfo|x64.ActiveCfg = Release|Any CPU
		{65EA4AC5-76CE-4283-9976-0053713B267A}.RelWithDebInfo|x64.Build.0 = Release|Any CPU
		{21E8AB1A-48A3-4A5E-BB4E-7F2BB9E554B9}.Debug|Any CPU.ActiveCfg = Debug|x64
		{21E8AB1A-48A3-4A5E-BB4E-7F2BB9E554B9}.Debug|Any CPU.Build.0 = Debug|x64
		{21E8AB1A-48A3-4A5E-BB4E-7F2BB9E554B9}.Debug|x64.ActiveCfg = Release|x64
		{21E8AB1A-48A3-4A5E-BB4E-7F2BB9E554B9}.Debug|x64.Build.0 = Release|x64
		{21E8AB1A-48A3-4A5E-BB4E-7F2BB9E554B9}.MinSizeRel|Any CPU.ActiveCfg = Debug|x64
		{21E8AB1A-48A3-4A5E-BB4E-7F2BB9E554B9}.MinSizeRel|Any CPU.Build.0 = Debug|x64
		{21E8AB1A-48A3-4A5E-BB4E-7F2BB9E554B9}.MinSizeRel|x64.ActiveCfg = Release|x64
		{21E8AB1A-48A3-4A5E-BB4E-7F2BB9E554B9}.MinSizeRel|x64.Build.0 = Release|x64
		{21E8AB1A-48A3-4A5E-BB4E-7F2BB9E554B9}.Release|Any CPU.ActiveCfg = Release|x64
		{21E8AB1A-48A3-4A5E-BB4E-7F2BB9E554B9}.Release|Any CPU.Build.0 = Release|x64
		{21E8AB1A-48A3-4A5E-BB4E-7F2BB9E554B9}.Release|x64.ActiveCfg = Release|x64
		{21E8AB1A-48A3-4A5E-BB4E-7F2BB9E554B9}.Release|x64.Build.0 = Release|x64
		{21E8AB1A-48A3-4A5E-BB4E-7F2BB9E554B9}.RelWithDebInfo|Any CPU.ActiveCfg = Release|x64
		{21E8AB1A-48A3-4A5E-BB4E-7F2BB9E554B9}.RelWithDebInfo|Any CPU.Build.0 = Release|x64
		{21E8AB1A-48A3-4A5E-BB4E-7F2BB9E554B9}.RelWithDebInfo|x64.ActiveCfg = Release|x64
		{21E8AB1A-48A3-4A5E-BB4E-7F2BB9E554B9}.RelWithDebInfo|x64.Build.0 = Release|x64
		{C5E41FC7-7EBA-490E-8CC3-8EA72F912436}.Debug|Any CPU.ActiveCfg = Debug|Any CPU
		{C5E41FC7-7EBA-490E-8CC3-8EA72F912436}.Debug|Any CPU.Build.0 = Debug|Any CPU
		{C5E41FC7-7EBA-490E-8CC3-8EA72F912436}.Debug|x64.ActiveCfg = Debug|x64
		{C5E41FC7-7EBA-490E-8CC3-8EA72F912436}.Debug|x64.Build.0 = Debug|x64
		{C5E41FC7-7EBA-490E-8CC3-8EA72F912436}.MinSizeRel|Any CPU.ActiveCfg = Debug|Any CPU
		{C5E41FC7-7EBA-490E-8CC3-8EA72F912436}.MinSizeRel|Any CPU.Build.0 = Debug|Any CPU
		{C5E41FC7-7EBA-490E-8CC3-8EA72F912436}.MinSizeRel|x64.ActiveCfg = Debug|x64
		{C5E41FC7-7EBA-490E-8CC3-8EA72F912436}.MinSizeRel|x64.Build.0 = Debug|x64
		{C5E41FC7-7EBA-490E-8CC3-8EA72F912436}.Release|Any CPU.ActiveCfg = Release|Any CPU
		{C5E41FC7-7EBA-490E-8CC3-8EA72F912436}.Release|Any CPU.Build.0 = Release|Any CPU
		{C5E41FC7-7EBA-490E-8CC3-8EA72F912436}.Release|x64.ActiveCfg = Release|x64
		{C5E41FC7-7EBA-490E-8CC3-8EA72F912436}.Release|x64.Build.0 = Release|x64
		{C5E41FC7-7EBA-490E-8CC3-8EA72F912436}.RelWithDebInfo|Any CPU.ActiveCfg = Release|Any CPU
		{C5E41FC7-7EBA-490E-8CC3-8EA72F912436}.RelWithDebInfo|Any CPU.Build.0 = Release|Any CPU
		{C5E41FC7-7EBA-490E-8CC3-8EA72F912436}.RelWithDebInfo|x64.ActiveCfg = Release|x64
		{C5E41FC7-7EBA-490E-8CC3-8EA72F912436}.RelWithDebInfo|x64.Build.0 = Release|x64
		{B511CD10-814A-4010-B2C3-1FE2DE214CBA}.Debug|Any CPU.ActiveCfg = Debug|Any CPU
		{B511CD10-814A-4010-B2C3-1FE2DE214CBA}.Debug|Any CPU.Build.0 = Debug|Any CPU
		{B511CD10-814A-4010-B2C3-1FE2DE214CBA}.Debug|x64.ActiveCfg = Debug|x64
		{B511CD10-814A-4010-B2C3-1FE2DE214CBA}.Debug|x64.Build.0 = Debug|x64
		{B511CD10-814A-4010-B2C3-1FE2DE214CBA}.MinSizeRel|Any CPU.ActiveCfg = Debug|Any CPU
		{B511CD10-814A-4010-B2C3-1FE2DE214CBA}.MinSizeRel|Any CPU.Build.0 = Debug|Any CPU
		{B511CD10-814A-4010-B2C3-1FE2DE214CBA}.MinSizeRel|x64.ActiveCfg = Debug|x64
		{B511CD10-814A-4010-B2C3-1FE2DE214CBA}.MinSizeRel|x64.Build.0 = Debug|x64
		{B511CD10-814A-4010-B2C3-1FE2DE214CBA}.Release|Any CPU.ActiveCfg = Release|Any CPU
		{B511CD10-814A-4010-B2C3-1FE2DE214CBA}.Release|Any CPU.Build.0 = Release|Any CPU
		{B511CD10-814A-4010-B2C3-1FE2DE214CBA}.Release|x64.ActiveCfg = Release|x64
		{B511CD10-814A-4010-B2C3-1FE2DE214CBA}.Release|x64.Build.0 = Release|x64
		{B511CD10-814A-4010-B2C3-1FE2DE214CBA}.RelWithDebInfo|Any CPU.ActiveCfg = Release|Any CPU
		{B511CD10-814A-4010-B2C3-1FE2DE214CBA}.RelWithDebInfo|Any CPU.Build.0 = Release|Any CPU
		{B511CD10-814A-4010-B2C3-1FE2DE214CBA}.RelWithDebInfo|x64.ActiveCfg = Release|x64
		{B511CD10-814A-4010-B2C3-1FE2DE214CBA}.RelWithDebInfo|x64.Build.0 = Release|x64
		{72139D66-982F-473B-BBD9-3182D1B5240F}.Debug|Any CPU.ActiveCfg = Debug|Any CPU
		{72139D66-982F-473B-BBD9-3182D1B5240F}.Debug|Any CPU.Build.0 = Debug|Any CPU
		{72139D66-982F-473B-BBD9-3182D1B5240F}.Debug|x64.ActiveCfg = Debug|x64
		{72139D66-982F-473B-BBD9-3182D1B5240F}.Debug|x64.Build.0 = Debug|x64
		{72139D66-982F-473B-BBD9-3182D1B5240F}.MinSizeRel|Any CPU.ActiveCfg = Debug|Any CPU
		{72139D66-982F-473B-BBD9-3182D1B5240F}.MinSizeRel|Any CPU.Build.0 = Debug|Any CPU
		{72139D66-982F-473B-BBD9-3182D1B5240F}.MinSizeRel|x64.ActiveCfg = Debug|x64
		{72139D66-982F-473B-BBD9-3182D1B5240F}.MinSizeRel|x64.Build.0 = Debug|x64
		{72139D66-982F-473B-BBD9-3182D1B5240F}.Release|Any CPU.ActiveCfg = Release|Any CPU
		{72139D66-982F-473B-BBD9-3182D1B5240F}.Release|Any CPU.Build.0 = Release|Any CPU
		{72139D66-982F-473B-BBD9-3182D1B5240F}.Release|x64.ActiveCfg = Release|x64
		{72139D66-982F-473B-BBD9-3182D1B5240F}.Release|x64.Build.0 = Release|x64
		{72139D66-982F-473B-BBD9-3182D1B5240F}.RelWithDebInfo|Any CPU.ActiveCfg = Release|Any CPU
		{72139D66-982F-473B-BBD9-3182D1B5240F}.RelWithDebInfo|Any CPU.Build.0 = Release|Any CPU
		{72139D66-982F-473B-BBD9-3182D1B5240F}.RelWithDebInfo|x64.ActiveCfg = Release|x64
		{72139D66-982F-473B-BBD9-3182D1B5240F}.RelWithDebInfo|x64.Build.0 = Release|x64
		{0A8F9C2E-8EDF-4487-AFEB-0ECA797816B4}.Debug|Any CPU.ActiveCfg = Debug|Any CPU
		{0A8F9C2E-8EDF-4487-AFEB-0ECA797816B4}.Debug|Any CPU.Build.0 = Debug|Any CPU
		{0A8F9C2E-8EDF-4487-AFEB-0ECA797816B4}.Debug|x64.ActiveCfg = Debug|x64
		{0A8F9C2E-8EDF-4487-AFEB-0ECA797816B4}.Debug|x64.Build.0 = Debug|x64
		{0A8F9C2E-8EDF-4487-AFEB-0ECA797816B4}.MinSizeRel|Any CPU.ActiveCfg = Debug|Any CPU
		{0A8F9C2E-8EDF-4487-AFEB-0ECA797816B4}.MinSizeRel|Any CPU.Build.0 = Debug|Any CPU
		{0A8F9C2E-8EDF-4487-AFEB-0ECA797816B4}.MinSizeRel|x64.ActiveCfg = Debug|x64
		{0A8F9C2E-8EDF-4487-AFEB-0ECA797816B4}.MinSizeRel|x64.Build.0 = Debug|x64
		{0A8F9C2E-8EDF-4487-AFEB-0ECA797816B4}.Release|Any CPU.ActiveCfg = Release|Any CPU
		{0A8F9C2E-8EDF-4487-AFEB-0ECA797816B4}.Release|Any CPU.Build.0 = Release|Any CPU
		{0A8F9C2E-8EDF-4487-AFEB-0ECA797816B4}.Release|x64.ActiveCfg = Release|x64
		{0A8F9C2E-8EDF-4487-AFEB-0ECA797816B4}.Release|x64.Build.0 = Release|x64
		{0A8F9C2E-8EDF-4487-AFEB-0ECA797816B4}.RelWithDebInfo|Any CPU.ActiveCfg = Release|Any CPU
		{0A8F9C2E-8EDF-4487-AFEB-0ECA797816B4}.RelWithDebInfo|Any CPU.Build.0 = Release|Any CPU
		{0A8F9C2E-8EDF-4487-AFEB-0ECA797816B4}.RelWithDebInfo|x64.ActiveCfg = Release|x64
		{0A8F9C2E-8EDF-4487-AFEB-0ECA797816B4}.RelWithDebInfo|x64.Build.0 = Release|x64
	EndGlobalSection
	GlobalSection(SolutionProperties) = preSolution
		HideSolutionNode = FALSE
	EndGlobalSection
	GlobalSection(NestedProjects) = preSolution
		{2ABFA7F4-07A8-48A0-ADC4-30FDF2B6EF20} = {528AA97C-F7BD-43CE-B19C-FDB2CA04D249}
		{2F1A4D85-BD75-4528-A1BC-D605EF6E52CF} = {BAD359E1-517D-4615-84D6-A183B4585AFC}
		{734C81C7-C22D-3344-8349-51AABFD5B302} = {528AA97C-F7BD-43CE-B19C-FDB2CA04D249}
		{A51AC91D-B439-4632-B0F9-3A6025C3492E} = {528AA97C-F7BD-43CE-B19C-FDB2CA04D249}
		{47DA8B5E-0839-46A0-8C49-41DC42A72268} = {528AA97C-F7BD-43CE-B19C-FDB2CA04D249}
		{E9B766D5-64B6-4899-A008-5BB638B68B28} = {BAD359E1-517D-4615-84D6-A183B4585AFC}
		{7E39A14A-E4A3-48EC-B771-CCE2BC0C5398} = {528AA97C-F7BD-43CE-B19C-FDB2CA04D249}
		{21E8AB1A-48A3-4A5E-BB4E-7F2BB9E554B9} = {528AA97C-F7BD-43CE-B19C-FDB2CA04D249}
	EndGlobalSection
	GlobalSection(ExtensibilityGlobals) = postSolution
		SolutionGuid = {78588B88-7C25-4985-91BB-09C1FBFF3A6E}
	EndGlobalSection
EndGlobal
