Microsoft Visual Studio Solution File, Format Version 12.00
# Visual Studio Version 17
VisualStudioVersion = 17.0.32112.339
MinimumVisualStudioVersion = 10.0.40219.1
Project("{2150E333-8FDC-42A3-9474-1A3956D46DE8}") = "Cameras", "Cameras", "{528AA97C-F7BD-43CE-B19C-FDB2CA04D249}"
EndProject
Project("{2150E333-8FDC-42A3-9474-1A3956D46DE8}") = "OpenGL", "OpenGL", "{BAD359E1-517D-4615-84D6-A183B4585AFC}"
EndProject
Project("{778DAE3C-4631-46EA-AA77-85C1314464D9}") = "Main_UI", "Main_UI\Main_UI.vbproj", "{B511CD10-814A-4010-B2C3-1FE2DE214CBA}"
	ProjectSection(ProjectDependencies) = postProject
		{21E8AB1A-48A3-4A5E-BB4E-7F2BB9E554B9} = {21E8AB1A-48A3-4A5E-BB4E-7F2BB9E554B9}
		{2ABFA7F4-07A8-48A0-ADC4-30FDF2B6EF20} = {2ABFA7F4-07A8-48A0-ADC4-30FDF2B6EF20}
		{2F1A4D85-BD75-4528-A1BC-D605EF6E52CF} = {2F1A4D85-BD75-4528-A1BC-D605EF6E52CF}
		{36FDCD23-B8F3-459A-8F19-0C6D4599C00F} = {36FDCD23-B8F3-459A-8F19-0C6D4599C00F}
		{47DA8B5E-0839-46A0-8C49-41DC42A72268} = {47DA8B5E-0839-46A0-8C49-41DC42A72268}
		{4F72227D-8093-4E95-A36D-F73D7FD94793} = {4F72227D-8093-4E95-A36D-F73D7FD94793}
		{734C81C7-C22D-3344-8349-51AABFD5B302} = {734C81C7-C22D-3344-8349-51AABFD5B302}
		{7E39A14A-E4A3-48EC-B771-CCE2BC0C5398} = {7E39A14A-E4A3-48EC-B771-CCE2BC0C5398}
		{944C045A-DECE-450E-B21D-87063852CFA0} = {944C045A-DECE-450E-B21D-87063852CFA0}
		{A51AC91D-B439-4632-B0F9-3A6025C3492E} = {A51AC91D-B439-4632-B0F9-3A6025C3492E}
		{E9B766D5-64B6-4899-A008-5BB638B68B28} = {E9B766D5-64B6-4899-A008-5BB638B68B28}
		{EA9DFE01-C2AB-4C9E-9607-1C36AC2BEE5B} = {EA9DFE01-C2AB-4C9E-9607-1C36AC2BEE5B}
		{F867E11C-A392-4EA0-9F32-6CCBE3E753FC} = {F867E11C-A392-4EA0-9F32-6CCBE3E753FC}
	EndProjectSection
EndProject
Project("{778DAE3C-4631-46EA-AA77-85C1314464D9}") = "GifBuilder", "GifBuilder\GifBuilder.vbproj", "{EA9DFE01-C2AB-4C9E-9607-1C36AC2BEE5B}"
EndProject
Project("{F184B08F-C81C-45F6-A57F-5ABD9991F28F}") = "VB_Classes", "VB_Classes\VB_Classes.vbproj", "{735A2264-8A36-4D0A-ADE0-2BFAD6734401}"
	ProjectSection(ProjectDependencies) = postProject
		{944C045A-DECE-450E-B21D-87063852CFA0} = {944C045A-DECE-450E-B21D-87063852CFA0}
	EndProjectSection
EndProject
Project("{8BC9CEB8-8B4A-11D0-8D11-00A0C91BC942}") = "Cam_K4A", "Cameras\Kinect4Azure\Kinect4Azure.vcxproj", "{47DA8B5E-0839-46A0-8C49-41DC42A72268}"
EndProject
Project("{8BC9CEB8-8B4A-11D0-8D11-00A0C91BC942}") = "Cam_MyntD", "Cameras\MyntD\MyntD.vcxproj", "{A51AC91D-B439-4632-B0F9-3A6025C3492E}"
EndProject
Project("{8BC9CEB8-8B4A-11D0-8D11-00A0C91BC942}") = "Cam_Zed2", "Cameras\StereoLabsZed2\StereoLabsZed2.vcxproj", "{2ABFA7F4-07A8-48A0-ADC4-30FDF2B6EF20}"
EndProject
Project("{8BC9CEB8-8B4A-11D0-8D11-00A0C91BC942}") = "Cam_Oak-D", "OakD\Build\Cam_Oak-D.vcxproj", "{734C81C7-C22D-3344-8349-51AABFD5B302}"
EndProject
Project("{8BC9CEB8-8B4A-11D0-8D11-00A0C91BC942}") = "OpenGL_Basics", "OpenGL\OpenGL_Basics\OpenGL_Basics.vcxproj", "{E9B766D5-64B6-4899-A008-5BB638B68B28}"
EndProject
Project("{8BC9CEB8-8B4A-11D0-8D11-00A0C91BC942}") = "OpenGL_Functions", "OpenGL\OpenGL_Functions\OpenGL_Functions.vcxproj", "{2F1A4D85-BD75-4528-A1BC-D605EF6E52CF}"
EndProject
Project("{F184B08F-C81C-45F6-A57F-5ABD9991F28F}") = "UI_Generator", "UI_Generator\UI_Generator.vbproj", "{944C045A-DECE-450E-B21D-87063852CFA0}"
EndProject
Project("{8BC9CEB8-8B4A-11D0-8D11-00A0C91BC942}") = "CPP_Managed", "CPP_Managed\CPP_Managed.vcxproj", "{4F72227D-8093-4E95-A36D-F73D7FD94793}"
	ProjectSection(ProjectDependencies) = postProject
		{944C045A-DECE-450E-B21D-87063852CFA0} = {944C045A-DECE-450E-B21D-87063852CFA0}
	EndProjectSection
EndProject
Project("{8BC9CEB8-8B4A-11D0-8D11-00A0C91BC942}") = "CPP_Native", "CPP_Native\CPP_Native.vcxproj", "{F867E11C-A392-4EA0-9F32-6CCBE3E753FC}"
	ProjectSection(ProjectDependencies) = postProject
		{944C045A-DECE-450E-B21D-87063852CFA0} = {944C045A-DECE-450E-B21D-87063852CFA0}
	EndProjectSection
EndProject
Project("{9A19103F-16F7-4668-BE54-9A1E7A4F7556}") = "CS_Classes", "CS_Classes\CS_Classes.csproj", "{36FDCD23-B8F3-459A-8F19-0C6D4599C00F}"
	ProjectSection(ProjectDependencies) = postProject
		{944C045A-DECE-450E-B21D-87063852CFA0} = {944C045A-DECE-450E-B21D-87063852CFA0}
	EndProjectSection
EndProject
Project("{FAE04EC0-301F-11D3-BF4B-00C04F79EFBC}") = "Orbbec_Wrapper", "Orbbec_Wrapper\Build\Orbbec_Wrapper.csproj", "{AD91A905-69AE-3939-A374-DB9435177D1B}"
EndProject
Project("{8BC9CEB8-8B4A-11D0-8D11-00A0C91BC942}") = "Cam_ORB335L", "Cameras\Orb335L\Orb335L.vcxproj", "{21E8AB1A-48A3-4A5E-BB4E-7F2BB9E554B9}"
EndProject
Project("{8BC9CEB8-8B4A-11D0-8D11-00A0C91BC942}") = "Cam_RS2", "Cameras\CamRS2\Cam_RS2.vcxproj", "{7E39A14A-E4A3-48EC-B771-CCE2BC0C5398}"
EndProject
Project("{9A19103F-16F7-4668-BE54-9A1E7A4F7556}") = "zed_csharp", "zed-csharp\zed_csharp.csproj", "{8B9E150F-7FBB-4068-8B03-8D05B9E93266}"
EndProject
Global
	GlobalSection(SolutionConfigurationPlatforms) = preSolution
		Debug|Any CPU = Debug|Any CPU
		Debug|x64 = Debug|x64
		Debug|x86 = Debug|x86
		MinSizeRel|Any CPU = MinSizeRel|Any CPU
		MinSizeRel|x64 = MinSizeRel|x64
		MinSizeRel|x86 = MinSizeRel|x86
		Release|Any CPU = Release|Any CPU
		Release|x64 = Release|x64
		Release|x86 = Release|x86
		RelWithDebInfo|Any CPU = RelWithDebInfo|Any CPU
		RelWithDebInfo|x64 = RelWithDebInfo|x64
		RelWithDebInfo|x86 = RelWithDebInfo|x86
	EndGlobalSection
	GlobalSection(ProjectConfigurationPlatforms) = postSolution
		{B511CD10-814A-4010-B2C3-1FE2DE214CBA}.Debug|Any CPU.ActiveCfg = Debug|Any CPU
		{B511CD10-814A-4010-B2C3-1FE2DE214CBA}.Debug|Any CPU.Build.0 = Debug|Any CPU
		{B511CD10-814A-4010-B2C3-1FE2DE214CBA}.Debug|x64.ActiveCfg = Debug|x64
		{B511CD10-814A-4010-B2C3-1FE2DE214CBA}.Debug|x64.Build.0 = Debug|x64
		{B511CD10-814A-4010-B2C3-1FE2DE214CBA}.Debug|x86.ActiveCfg = Debug|Any CPU
		{B511CD10-814A-4010-B2C3-1FE2DE214CBA}.Debug|x86.Build.0 = Debug|Any CPU
		{B511CD10-814A-4010-B2C3-1FE2DE214CBA}.MinSizeRel|Any CPU.ActiveCfg = Release|Any CPU
		{B511CD10-814A-4010-B2C3-1FE2DE214CBA}.MinSizeRel|Any CPU.Build.0 = Release|Any CPU
		{B511CD10-814A-4010-B2C3-1FE2DE214CBA}.MinSizeRel|x64.ActiveCfg = Debug|x64
		{B511CD10-814A-4010-B2C3-1FE2DE214CBA}.MinSizeRel|x64.Build.0 = Debug|x64
		{B511CD10-814A-4010-B2C3-1FE2DE214CBA}.MinSizeRel|x86.ActiveCfg = Debug|Any CPU
		{B511CD10-814A-4010-B2C3-1FE2DE214CBA}.MinSizeRel|x86.Build.0 = Debug|Any CPU
		{B511CD10-814A-4010-B2C3-1FE2DE214CBA}.Release|Any CPU.ActiveCfg = Release|Any CPU
		{B511CD10-814A-4010-B2C3-1FE2DE214CBA}.Release|Any CPU.Build.0 = Release|Any CPU
		{B511CD10-814A-4010-B2C3-1FE2DE214CBA}.Release|x64.ActiveCfg = Release|x64
		{B511CD10-814A-4010-B2C3-1FE2DE214CBA}.Release|x64.Build.0 = Release|x64
		{B511CD10-814A-4010-B2C3-1FE2DE214CBA}.Release|x86.ActiveCfg = Release|Any CPU
		{B511CD10-814A-4010-B2C3-1FE2DE214CBA}.Release|x86.Build.0 = Release|Any CPU
		{B511CD10-814A-4010-B2C3-1FE2DE214CBA}.RelWithDebInfo|Any CPU.ActiveCfg = Release|Any CPU
		{B511CD10-814A-4010-B2C3-1FE2DE214CBA}.RelWithDebInfo|Any CPU.Build.0 = Release|Any CPU
		{B511CD10-814A-4010-B2C3-1FE2DE214CBA}.RelWithDebInfo|x64.ActiveCfg = Release|x64
		{B511CD10-814A-4010-B2C3-1FE2DE214CBA}.RelWithDebInfo|x64.Build.0 = Release|x64
		{B511CD10-814A-4010-B2C3-1FE2DE214CBA}.RelWithDebInfo|x86.ActiveCfg = Release|Any CPU
		{B511CD10-814A-4010-B2C3-1FE2DE214CBA}.RelWithDebInfo|x86.Build.0 = Release|Any CPU
		{EA9DFE01-C2AB-4C9E-9607-1C36AC2BEE5B}.Debug|Any CPU.ActiveCfg = Debug|Any CPU
		{EA9DFE01-C2AB-4C9E-9607-1C36AC2BEE5B}.Debug|Any CPU.Build.0 = Debug|Any CPU
		{EA9DFE01-C2AB-4C9E-9607-1C36AC2BEE5B}.Debug|x64.ActiveCfg = Release|x64
		{EA9DFE01-C2AB-4C9E-9607-1C36AC2BEE5B}.Debug|x64.Build.0 = Release|x64
		{EA9DFE01-C2AB-4C9E-9607-1C36AC2BEE5B}.Debug|x86.ActiveCfg = Debug|Any CPU
		{EA9DFE01-C2AB-4C9E-9607-1C36AC2BEE5B}.Debug|x86.Build.0 = Debug|Any CPU
		{EA9DFE01-C2AB-4C9E-9607-1C36AC2BEE5B}.MinSizeRel|Any CPU.ActiveCfg = Release|Any CPU
		{EA9DFE01-C2AB-4C9E-9607-1C36AC2BEE5B}.MinSizeRel|Any CPU.Build.0 = Release|Any CPU
		{EA9DFE01-C2AB-4C9E-9607-1C36AC2BEE5B}.MinSizeRel|x64.ActiveCfg = Debug|x64
		{EA9DFE01-C2AB-4C9E-9607-1C36AC2BEE5B}.MinSizeRel|x64.Build.0 = Debug|x64
		{EA9DFE01-C2AB-4C9E-9607-1C36AC2BEE5B}.MinSizeRel|x86.ActiveCfg = Debug|Any CPU
		{EA9DFE01-C2AB-4C9E-9607-1C36AC2BEE5B}.MinSizeRel|x86.Build.0 = Debug|Any CPU
		{EA9DFE01-C2AB-4C9E-9607-1C36AC2BEE5B}.Release|Any CPU.ActiveCfg = Release|Any CPU
		{EA9DFE01-C2AB-4C9E-9607-1C36AC2BEE5B}.Release|Any CPU.Build.0 = Release|Any CPU
		{EA9DFE01-C2AB-4C9E-9607-1C36AC2BEE5B}.Release|x64.ActiveCfg = Release|x64
		{EA9DFE01-C2AB-4C9E-9607-1C36AC2BEE5B}.Release|x64.Build.0 = Release|x64
		{EA9DFE01-C2AB-4C9E-9607-1C36AC2BEE5B}.Release|x86.ActiveCfg = Release|Any CPU
		{EA9DFE01-C2AB-4C9E-9607-1C36AC2BEE5B}.Release|x86.Build.0 = Release|Any CPU
		{EA9DFE01-C2AB-4C9E-9607-1C36AC2BEE5B}.RelWithDebInfo|Any CPU.ActiveCfg = Release|Any CPU
		{EA9DFE01-C2AB-4C9E-9607-1C36AC2BEE5B}.RelWithDebInfo|Any CPU.Build.0 = Release|Any CPU
		{EA9DFE01-C2AB-4C9E-9607-1C36AC2BEE5B}.RelWithDebInfo|x64.ActiveCfg = Release|x64
		{EA9DFE01-C2AB-4C9E-9607-1C36AC2BEE5B}.RelWithDebInfo|x64.Build.0 = Release|x64
		{EA9DFE01-C2AB-4C9E-9607-1C36AC2BEE5B}.RelWithDebInfo|x86.ActiveCfg = Release|Any CPU
		{EA9DFE01-C2AB-4C9E-9607-1C36AC2BEE5B}.RelWithDebInfo|x86.Build.0 = Release|Any CPU
		{735A2264-8A36-4D0A-ADE0-2BFAD6734401}.Debug|Any CPU.ActiveCfg = Debug|Any CPU
		{735A2264-8A36-4D0A-ADE0-2BFAD6734401}.Debug|Any CPU.Build.0 = Debug|Any CPU
		{735A2264-8A36-4D0A-ADE0-2BFAD6734401}.Debug|x64.ActiveCfg = Debug|x64
		{735A2264-8A36-4D0A-ADE0-2BFAD6734401}.Debug|x64.Build.0 = Debug|x64
		{735A2264-8A36-4D0A-ADE0-2BFAD6734401}.Debug|x86.ActiveCfg = Debug|Any CPU
		{735A2264-8A36-4D0A-ADE0-2BFAD6734401}.Debug|x86.Build.0 = Debug|Any CPU
		{735A2264-8A36-4D0A-ADE0-2BFAD6734401}.MinSizeRel|Any CPU.ActiveCfg = Release|Any CPU
		{735A2264-8A36-4D0A-ADE0-2BFAD6734401}.MinSizeRel|Any CPU.Build.0 = Release|Any CPU
		{735A2264-8A36-4D0A-ADE0-2BFAD6734401}.MinSizeRel|x64.ActiveCfg = Debug|x64
		{735A2264-8A36-4D0A-ADE0-2BFAD6734401}.MinSizeRel|x64.Build.0 = Debug|x64
		{735A2264-8A36-4D0A-ADE0-2BFAD6734401}.MinSizeRel|x86.ActiveCfg = Debug|Any CPU
		{735A2264-8A36-4D0A-ADE0-2BFAD6734401}.MinSizeRel|x86.Build.0 = Debug|Any CPU
		{735A2264-8A36-4D0A-ADE0-2BFAD6734401}.Release|Any CPU.ActiveCfg = Release|Any CPU
		{735A2264-8A36-4D0A-ADE0-2BFAD6734401}.Release|Any CPU.Build.0 = Release|Any CPU
		{735A2264-8A36-4D0A-ADE0-2BFAD6734401}.Release|x64.ActiveCfg = Release|x64
		{735A2264-8A36-4D0A-ADE0-2BFAD6734401}.Release|x64.Build.0 = Release|x64
		{735A2264-8A36-4D0A-ADE0-2BFAD6734401}.Release|x86.ActiveCfg = Release|Any CPU
		{735A2264-8A36-4D0A-ADE0-2BFAD6734401}.Release|x86.Build.0 = Release|Any CPU
		{735A2264-8A36-4D0A-ADE0-2BFAD6734401}.RelWithDebInfo|Any CPU.ActiveCfg = Release|Any CPU
		{735A2264-8A36-4D0A-ADE0-2BFAD6734401}.RelWithDebInfo|Any CPU.Build.0 = Release|Any CPU
		{735A2264-8A36-4D0A-ADE0-2BFAD6734401}.RelWithDebInfo|x64.ActiveCfg = Release|x64
		{735A2264-8A36-4D0A-ADE0-2BFAD6734401}.RelWithDebInfo|x64.Build.0 = Release|x64
		{735A2264-8A36-4D0A-ADE0-2BFAD6734401}.RelWithDebInfo|x86.ActiveCfg = Release|Any CPU
		{735A2264-8A36-4D0A-ADE0-2BFAD6734401}.RelWithDebInfo|x86.Build.0 = Release|Any CPU
		{47DA8B5E-0839-46A0-8C49-41DC42A72268}.Debug|Any CPU.ActiveCfg = Debug|x64
		{47DA8B5E-0839-46A0-8C49-41DC42A72268}.Debug|Any CPU.Build.0 = Debug|x64
		{47DA8B5E-0839-46A0-8C49-41DC42A72268}.Debug|x64.ActiveCfg = Release|x64
		{47DA8B5E-0839-46A0-8C49-41DC42A72268}.Debug|x64.Build.0 = Release|x64
		{47DA8B5E-0839-46A0-8C49-41DC42A72268}.Debug|x86.ActiveCfg = Debug|Win32
		{47DA8B5E-0839-46A0-8C49-41DC42A72268}.Debug|x86.Build.0 = Debug|Win32
		{47DA8B5E-0839-46A0-8C49-41DC42A72268}.MinSizeRel|Any CPU.ActiveCfg = Debug|x64
		{47DA8B5E-0839-46A0-8C49-41DC42A72268}.MinSizeRel|Any CPU.Build.0 = Debug|x64
		{47DA8B5E-0839-46A0-8C49-41DC42A72268}.MinSizeRel|x64.ActiveCfg = Release|x64
		{47DA8B5E-0839-46A0-8C49-41DC42A72268}.MinSizeRel|x64.Build.0 = Release|x64
		{47DA8B5E-0839-46A0-8C49-41DC42A72268}.MinSizeRel|x86.ActiveCfg = Debug|Win32
		{47DA8B5E-0839-46A0-8C49-41DC42A72268}.MinSizeRel|x86.Build.0 = Debug|Win32
		{47DA8B5E-0839-46A0-8C49-41DC42A72268}.Release|Any CPU.ActiveCfg = Release|x64
		{47DA8B5E-0839-46A0-8C49-41DC42A72268}.Release|Any CPU.Build.0 = Release|x64
		{47DA8B5E-0839-46A0-8C49-41DC42A72268}.Release|x64.ActiveCfg = Release|x64
		{47DA8B5E-0839-46A0-8C49-41DC42A72268}.Release|x64.Build.0 = Release|x64
		{47DA8B5E-0839-46A0-8C49-41DC42A72268}.Release|x86.ActiveCfg = Release|Win32
		{47DA8B5E-0839-46A0-8C49-41DC42A72268}.Release|x86.Build.0 = Release|Win32
		{47DA8B5E-0839-46A0-8C49-41DC42A72268}.RelWithDebInfo|Any CPU.ActiveCfg = Release|x64
		{47DA8B5E-0839-46A0-8C49-41DC42A72268}.RelWithDebInfo|Any CPU.Build.0 = Release|x64
		{47DA8B5E-0839-46A0-8C49-41DC42A72268}.RelWithDebInfo|x64.ActiveCfg = Release|x64
		{47DA8B5E-0839-46A0-8C49-41DC42A72268}.RelWithDebInfo|x64.Build.0 = Release|x64
		{47DA8B5E-0839-46A0-8C49-41DC42A72268}.RelWithDebInfo|x86.ActiveCfg = Release|Win32
		{47DA8B5E-0839-46A0-8C49-41DC42A72268}.RelWithDebInfo|x86.Build.0 = Release|Win32
		{A51AC91D-B439-4632-B0F9-3A6025C3492E}.Debug|Any CPU.ActiveCfg = Debug|x64
		{A51AC91D-B439-4632-B0F9-3A6025C3492E}.Debug|Any CPU.Build.0 = Debug|x64
		{A51AC91D-B439-4632-B0F9-3A6025C3492E}.Debug|x64.ActiveCfg = Release|x64
		{A51AC91D-B439-4632-B0F9-3A6025C3492E}.Debug|x64.Build.0 = Release|x64
		{A51AC91D-B439-4632-B0F9-3A6025C3492E}.Debug|x86.ActiveCfg = Debug|Win32
		{A51AC91D-B439-4632-B0F9-3A6025C3492E}.Debug|x86.Build.0 = Debug|Win32
		{A51AC91D-B439-4632-B0F9-3A6025C3492E}.MinSizeRel|Any CPU.ActiveCfg = Debug|x64
		{A51AC91D-B439-4632-B0F9-3A6025C3492E}.MinSizeRel|Any CPU.Build.0 = Debug|x64
		{A51AC91D-B439-4632-B0F9-3A6025C3492E}.MinSizeRel|x64.ActiveCfg = Release|x64
		{A51AC91D-B439-4632-B0F9-3A6025C3492E}.MinSizeRel|x64.Build.0 = Release|x64
		{A51AC91D-B439-4632-B0F9-3A6025C3492E}.MinSizeRel|x86.ActiveCfg = Debug|Win32
		{A51AC91D-B439-4632-B0F9-3A6025C3492E}.MinSizeRel|x86.Build.0 = Debug|Win32
		{A51AC91D-B439-4632-B0F9-3A6025C3492E}.Release|Any CPU.ActiveCfg = Release|x64
		{A51AC91D-B439-4632-B0F9-3A6025C3492E}.Release|Any CPU.Build.0 = Release|x64
		{A51AC91D-B439-4632-B0F9-3A6025C3492E}.Release|x64.ActiveCfg = Release|x64
		{A51AC91D-B439-4632-B0F9-3A6025C3492E}.Release|x64.Build.0 = Release|x64
		{A51AC91D-B439-4632-B0F9-3A6025C3492E}.Release|x86.ActiveCfg = Release|Win32
		{A51AC91D-B439-4632-B0F9-3A6025C3492E}.Release|x86.Build.0 = Release|Win32
		{A51AC91D-B439-4632-B0F9-3A6025C3492E}.RelWithDebInfo|Any CPU.ActiveCfg = Release|x64
		{A51AC91D-B439-4632-B0F9-3A6025C3492E}.RelWithDebInfo|Any CPU.Build.0 = Release|x64
		{A51AC91D-B439-4632-B0F9-3A6025C3492E}.RelWithDebInfo|x64.ActiveCfg = Release|x64
		{A51AC91D-B439-4632-B0F9-3A6025C3492E}.RelWithDebInfo|x64.Build.0 = Release|x64
		{A51AC91D-B439-4632-B0F9-3A6025C3492E}.RelWithDebInfo|x86.ActiveCfg = Release|Win32
		{A51AC91D-B439-4632-B0F9-3A6025C3492E}.RelWithDebInfo|x86.Build.0 = Release|Win32
		{2ABFA7F4-07A8-48A0-ADC4-30FDF2B6EF20}.Debug|Any CPU.ActiveCfg = Debug|x64
		{2ABFA7F4-07A8-48A0-ADC4-30FDF2B6EF20}.Debug|Any CPU.Build.0 = Debug|x64
		{2ABFA7F4-07A8-48A0-ADC4-30FDF2B6EF20}.Debug|x64.ActiveCfg = Release|x64
		{2ABFA7F4-07A8-48A0-ADC4-30FDF2B6EF20}.Debug|x64.Build.0 = Release|x64
		{2ABFA7F4-07A8-48A0-ADC4-30FDF2B6EF20}.Debug|x86.ActiveCfg = Debug|Win32
		{2ABFA7F4-07A8-48A0-ADC4-30FDF2B6EF20}.Debug|x86.Build.0 = Debug|Win32
		{2ABFA7F4-07A8-48A0-ADC4-30FDF2B6EF20}.MinSizeRel|Any CPU.ActiveCfg = Debug|x64
		{2ABFA7F4-07A8-48A0-ADC4-30FDF2B6EF20}.MinSizeRel|Any CPU.Build.0 = Debug|x64
		{2ABFA7F4-07A8-48A0-ADC4-30FDF2B6EF20}.MinSizeRel|x64.ActiveCfg = Release|x64
		{2ABFA7F4-07A8-48A0-ADC4-30FDF2B6EF20}.MinSizeRel|x64.Build.0 = Release|x64
		{2ABFA7F4-07A8-48A0-ADC4-30FDF2B6EF20}.MinSizeRel|x86.ActiveCfg = Debug|Win32
		{2ABFA7F4-07A8-48A0-ADC4-30FDF2B6EF20}.MinSizeRel|x86.Build.0 = Debug|Win32
		{2ABFA7F4-07A8-48A0-ADC4-30FDF2B6EF20}.Release|Any CPU.ActiveCfg = Release|x64
		{2ABFA7F4-07A8-48A0-ADC4-30FDF2B6EF20}.Release|Any CPU.Build.0 = Release|x64
		{2ABFA7F4-07A8-48A0-ADC4-30FDF2B6EF20}.Release|x64.ActiveCfg = Release|x64
		{2ABFA7F4-07A8-48A0-ADC4-30FDF2B6EF20}.Release|x64.Build.0 = Release|x64
		{2ABFA7F4-07A8-48A0-ADC4-30FDF2B6EF20}.Release|x86.ActiveCfg = Release|Win32
		{2ABFA7F4-07A8-48A0-ADC4-30FDF2B6EF20}.Release|x86.Build.0 = Release|Win32
		{2ABFA7F4-07A8-48A0-ADC4-30FDF2B6EF20}.RelWithDebInfo|Any CPU.ActiveCfg = Release|x64
		{2ABFA7F4-07A8-48A0-ADC4-30FDF2B6EF20}.RelWithDebInfo|Any CPU.Build.0 = Release|x64
		{2ABFA7F4-07A8-48A0-ADC4-30FDF2B6EF20}.RelWithDebInfo|x64.ActiveCfg = Release|x64
		{2ABFA7F4-07A8-48A0-ADC4-30FDF2B6EF20}.RelWithDebInfo|x64.Build.0 = Release|x64
		{2ABFA7F4-07A8-48A0-ADC4-30FDF2B6EF20}.RelWithDebInfo|x86.ActiveCfg = Release|Win32
		{2ABFA7F4-07A8-48A0-ADC4-30FDF2B6EF20}.RelWithDebInfo|x86.Build.0 = Release|Win32
		{734C81C7-C22D-3344-8349-51AABFD5B302}.Debug|Any CPU.ActiveCfg = Debug|x64
		{734C81C7-C22D-3344-8349-51AABFD5B302}.Debug|Any CPU.Build.0 = Debug|x64
		{734C81C7-C22D-3344-8349-51AABFD5B302}.Debug|x64.ActiveCfg = Release|x64
		{734C81C7-C22D-3344-8349-51AABFD5B302}.Debug|x64.Build.0 = Release|x64
		{734C81C7-C22D-3344-8349-51AABFD5B302}.Debug|x86.ActiveCfg = Debug|x64
		{734C81C7-C22D-3344-8349-51AABFD5B302}.Debug|x86.Build.0 = Debug|x64
		{734C81C7-C22D-3344-8349-51AABFD5B302}.MinSizeRel|Any CPU.ActiveCfg = MinSizeRel|x64
		{734C81C7-C22D-3344-8349-51AABFD5B302}.MinSizeRel|Any CPU.Build.0 = MinSizeRel|x64
		{734C81C7-C22D-3344-8349-51AABFD5B302}.MinSizeRel|x64.ActiveCfg = MinSizeRel|x64
		{734C81C7-C22D-3344-8349-51AABFD5B302}.MinSizeRel|x64.Build.0 = MinSizeRel|x64
		{734C81C7-C22D-3344-8349-51AABFD5B302}.MinSizeRel|x86.ActiveCfg = MinSizeRel|x64
		{734C81C7-C22D-3344-8349-51AABFD5B302}.MinSizeRel|x86.Build.0 = MinSizeRel|x64
		{734C81C7-C22D-3344-8349-51AABFD5B302}.Release|Any CPU.ActiveCfg = Release|x64
		{734C81C7-C22D-3344-8349-51AABFD5B302}.Release|Any CPU.Build.0 = Release|x64
		{734C81C7-C22D-3344-8349-51AABFD5B302}.Release|x64.ActiveCfg = Release|x64
		{734C81C7-C22D-3344-8349-51AABFD5B302}.Release|x64.Build.0 = Release|x64
		{734C81C7-C22D-3344-8349-51AABFD5B302}.Release|x86.ActiveCfg = Release|x64
		{734C81C7-C22D-3344-8349-51AABFD5B302}.Release|x86.Build.0 = Release|x64
		{734C81C7-C22D-3344-8349-51AABFD5B302}.RelWithDebInfo|Any CPU.ActiveCfg = RelWithDebInfo|x64
		{734C81C7-C22D-3344-8349-51AABFD5B302}.RelWithDebInfo|Any CPU.Build.0 = RelWithDebInfo|x64
		{734C81C7-C22D-3344-8349-51AABFD5B302}.RelWithDebInfo|x64.ActiveCfg = RelWithDebInfo|x64
		{734C81C7-C22D-3344-8349-51AABFD5B302}.RelWithDebInfo|x64.Build.0 = RelWithDebInfo|x64
		{734C81C7-C22D-3344-8349-51AABFD5B302}.RelWithDebInfo|x86.ActiveCfg = RelWithDebInfo|x64
		{734C81C7-C22D-3344-8349-51AABFD5B302}.RelWithDebInfo|x86.Build.0 = RelWithDebInfo|x64
		{E9B766D5-64B6-4899-A008-5BB638B68B28}.Debug|Any CPU.ActiveCfg = Debug|x64
		{E9B766D5-64B6-4899-A008-5BB638B68B28}.Debug|Any CPU.Build.0 = Debug|x64
		{E9B766D5-64B6-4899-A008-5BB638B68B28}.Debug|x64.ActiveCfg = Release|x64
		{E9B766D5-64B6-4899-A008-5BB638B68B28}.Debug|x64.Build.0 = Release|x64
		{E9B766D5-64B6-4899-A008-5BB638B68B28}.Debug|x86.ActiveCfg = Debug|Win32
		{E9B766D5-64B6-4899-A008-5BB638B68B28}.Debug|x86.Build.0 = Debug|Win32
		{E9B766D5-64B6-4899-A008-5BB638B68B28}.MinSizeRel|Any CPU.ActiveCfg = Debug|x64
		{E9B766D5-64B6-4899-A008-5BB638B68B28}.MinSizeRel|Any CPU.Build.0 = Debug|x64
		{E9B766D5-64B6-4899-A008-5BB638B68B28}.MinSizeRel|x64.ActiveCfg = Release|x64
		{E9B766D5-64B6-4899-A008-5BB638B68B28}.MinSizeRel|x64.Build.0 = Release|x64
		{E9B766D5-64B6-4899-A008-5BB638B68B28}.MinSizeRel|x86.ActiveCfg = Debug|Win32
		{E9B766D5-64B6-4899-A008-5BB638B68B28}.MinSizeRel|x86.Build.0 = Debug|Win32
		{E9B766D5-64B6-4899-A008-5BB638B68B28}.Release|Any CPU.ActiveCfg = Release|x64
		{E9B766D5-64B6-4899-A008-5BB638B68B28}.Release|Any CPU.Build.0 = Release|x64
		{E9B766D5-64B6-4899-A008-5BB638B68B28}.Release|x64.ActiveCfg = Release|x64
		{E9B766D5-64B6-4899-A008-5BB638B68B28}.Release|x64.Build.0 = Release|x64
		{E9B766D5-64B6-4899-A008-5BB638B68B28}.Release|x86.ActiveCfg = Release|Win32
		{E9B766D5-64B6-4899-A008-5BB638B68B28}.Release|x86.Build.0 = Release|Win32
		{E9B766D5-64B6-4899-A008-5BB638B68B28}.RelWithDebInfo|Any CPU.ActiveCfg = Release|x64
		{E9B766D5-64B6-4899-A008-5BB638B68B28}.RelWithDebInfo|Any CPU.Build.0 = Release|x64
		{E9B766D5-64B6-4899-A008-5BB638B68B28}.RelWithDebInfo|x64.ActiveCfg = Release|x64
		{E9B766D5-64B6-4899-A008-5BB638B68B28}.RelWithDebInfo|x64.Build.0 = Release|x64
		{E9B766D5-64B6-4899-A008-5BB638B68B28}.RelWithDebInfo|x86.ActiveCfg = Release|Win32
		{E9B766D5-64B6-4899-A008-5BB638B68B28}.RelWithDebInfo|x86.Build.0 = Release|Win32
		{2F1A4D85-BD75-4528-A1BC-D605EF6E52CF}.Debug|Any CPU.ActiveCfg = Debug|x64
		{2F1A4D85-BD75-4528-A1BC-D605EF6E52CF}.Debug|Any CPU.Build.0 = Debug|x64
		{2F1A4D85-BD75-4528-A1BC-D605EF6E52CF}.Debug|x64.ActiveCfg = Release|x64
		{2F1A4D85-BD75-4528-A1BC-D605EF6E52CF}.Debug|x64.Build.0 = Release|x64
		{2F1A4D85-BD75-4528-A1BC-D605EF6E52CF}.Debug|x86.ActiveCfg = Debug|Win32
		{2F1A4D85-BD75-4528-A1BC-D605EF6E52CF}.Debug|x86.Build.0 = Debug|Win32
		{2F1A4D85-BD75-4528-A1BC-D605EF6E52CF}.MinSizeRel|Any CPU.ActiveCfg = Debug|x64
		{2F1A4D85-BD75-4528-A1BC-D605EF6E52CF}.MinSizeRel|Any CPU.Build.0 = Debug|x64
		{2F1A4D85-BD75-4528-A1BC-D605EF6E52CF}.MinSizeRel|x64.ActiveCfg = Release|x64
		{2F1A4D85-BD75-4528-A1BC-D605EF6E52CF}.MinSizeRel|x64.Build.0 = Release|x64
		{2F1A4D85-BD75-4528-A1BC-D605EF6E52CF}.MinSizeRel|x86.ActiveCfg = Debug|Win32
		{2F1A4D85-BD75-4528-A1BC-D605EF6E52CF}.MinSizeRel|x86.Build.0 = Debug|Win32
		{2F1A4D85-BD75-4528-A1BC-D605EF6E52CF}.Release|Any CPU.ActiveCfg = Release|x64
		{2F1A4D85-BD75-4528-A1BC-D605EF6E52CF}.Release|Any CPU.Build.0 = Release|x64
		{2F1A4D85-BD75-4528-A1BC-D605EF6E52CF}.Release|x64.ActiveCfg = Release|x64
		{2F1A4D85-BD75-4528-A1BC-D605EF6E52CF}.Release|x64.Build.0 = Release|x64
		{2F1A4D85-BD75-4528-A1BC-D605EF6E52CF}.Release|x86.ActiveCfg = Release|Win32
		{2F1A4D85-BD75-4528-A1BC-D605EF6E52CF}.Release|x86.Build.0 = Release|Win32
		{2F1A4D85-BD75-4528-A1BC-D605EF6E52CF}.RelWithDebInfo|Any CPU.ActiveCfg = Release|x64
		{2F1A4D85-BD75-4528-A1BC-D605EF6E52CF}.RelWithDebInfo|Any CPU.Build.0 = Release|x64
		{2F1A4D85-BD75-4528-A1BC-D605EF6E52CF}.RelWithDebInfo|x64.ActiveCfg = Release|x64
		{2F1A4D85-BD75-4528-A1BC-D605EF6E52CF}.RelWithDebInfo|x64.Build.0 = Release|x64
		{2F1A4D85-BD75-4528-A1BC-D605EF6E52CF}.RelWithDebInfo|x86.ActiveCfg = Release|Win32
		{2F1A4D85-BD75-4528-A1BC-D605EF6E52CF}.RelWithDebInfo|x86.Build.0 = Release|Win32
		{944C045A-DECE-450E-B21D-87063852CFA0}.Debug|Any CPU.ActiveCfg = Debug|Any CPU
		{944C045A-DECE-450E-B21D-87063852CFA0}.Debug|Any CPU.Build.0 = Debug|Any CPU
		{944C045A-DECE-450E-B21D-87063852CFA0}.Debug|x64.ActiveCfg = Release|x64
		{944C045A-DECE-450E-B21D-87063852CFA0}.Debug|x64.Build.0 = Release|x64
		{944C045A-DECE-450E-B21D-87063852CFA0}.Debug|x86.ActiveCfg = Debug|Any CPU
		{944C045A-DECE-450E-B21D-87063852CFA0}.Debug|x86.Build.0 = Debug|Any CPU
		{944C045A-DECE-450E-B21D-87063852CFA0}.MinSizeRel|Any CPU.ActiveCfg = Release|Any CPU
		{944C045A-DECE-450E-B21D-87063852CFA0}.MinSizeRel|Any CPU.Build.0 = Release|Any CPU
		{944C045A-DECE-450E-B21D-87063852CFA0}.MinSizeRel|x64.ActiveCfg = Debug|x64
		{944C045A-DECE-450E-B21D-87063852CFA0}.MinSizeRel|x64.Build.0 = Debug|x64
		{944C045A-DECE-450E-B21D-87063852CFA0}.MinSizeRel|x86.ActiveCfg = Debug|Any CPU
		{944C045A-DECE-450E-B21D-87063852CFA0}.MinSizeRel|x86.Build.0 = Debug|Any CPU
		{944C045A-DECE-450E-B21D-87063852CFA0}.Release|Any CPU.ActiveCfg = Release|Any CPU
		{944C045A-DECE-450E-B21D-87063852CFA0}.Release|Any CPU.Build.0 = Release|Any CPU
		{944C045A-DECE-450E-B21D-87063852CFA0}.Release|x64.ActiveCfg = Release|x64
		{944C045A-DECE-450E-B21D-87063852CFA0}.Release|x64.Build.0 = Release|x64
		{944C045A-DECE-450E-B21D-87063852CFA0}.Release|x86.ActiveCfg = Release|Any CPU
		{944C045A-DECE-450E-B21D-87063852CFA0}.Release|x86.Build.0 = Release|Any CPU
		{944C045A-DECE-450E-B21D-87063852CFA0}.RelWithDebInfo|Any CPU.ActiveCfg = Release|Any CPU
		{944C045A-DECE-450E-B21D-87063852CFA0}.RelWithDebInfo|Any CPU.Build.0 = Release|Any CPU
		{944C045A-DECE-450E-B21D-87063852CFA0}.RelWithDebInfo|x64.ActiveCfg = Release|x64
		{944C045A-DECE-450E-B21D-87063852CFA0}.RelWithDebInfo|x64.Build.0 = Release|x64
		{944C045A-DECE-450E-B21D-87063852CFA0}.RelWithDebInfo|x86.ActiveCfg = Release|Any CPU
		{944C045A-DECE-450E-B21D-87063852CFA0}.RelWithDebInfo|x86.Build.0 = Release|Any CPU
		{4F72227D-8093-4E95-A36D-F73D7FD94793}.Debug|Any CPU.ActiveCfg = Debug|x64
		{4F72227D-8093-4E95-A36D-F73D7FD94793}.Debug|Any CPU.Build.0 = Debug|x64
		{4F72227D-8093-4E95-A36D-F73D7FD94793}.Debug|x64.ActiveCfg = Debug|x64
		{4F72227D-8093-4E95-A36D-F73D7FD94793}.Debug|x64.Build.0 = Debug|x64
		{4F72227D-8093-4E95-A36D-F73D7FD94793}.Debug|x86.ActiveCfg = Debug|Win32
		{4F72227D-8093-4E95-A36D-F73D7FD94793}.Debug|x86.Build.0 = Debug|Win32
		{4F72227D-8093-4E95-A36D-F73D7FD94793}.MinSizeRel|Any CPU.ActiveCfg = Release|x64
		{4F72227D-8093-4E95-A36D-F73D7FD94793}.MinSizeRel|Any CPU.Build.0 = Release|x64
		{4F72227D-8093-4E95-A36D-F73D7FD94793}.MinSizeRel|x64.ActiveCfg = Debug|x64
		{4F72227D-8093-4E95-A36D-F73D7FD94793}.MinSizeRel|x64.Build.0 = Debug|x64
		{4F72227D-8093-4E95-A36D-F73D7FD94793}.MinSizeRel|x86.ActiveCfg = Debug|Win32
		{4F72227D-8093-4E95-A36D-F73D7FD94793}.MinSizeRel|x86.Build.0 = Debug|Win32
		{4F72227D-8093-4E95-A36D-F73D7FD94793}.Release|Any CPU.ActiveCfg = Release|x64
		{4F72227D-8093-4E95-A36D-F73D7FD94793}.Release|Any CPU.Build.0 = Release|x64
		{4F72227D-8093-4E95-A36D-F73D7FD94793}.Release|x64.ActiveCfg = Release|x64
		{4F72227D-8093-4E95-A36D-F73D7FD94793}.Release|x64.Build.0 = Release|x64
		{4F72227D-8093-4E95-A36D-F73D7FD94793}.Release|x86.ActiveCfg = Release|Win32
		{4F72227D-8093-4E95-A36D-F73D7FD94793}.Release|x86.Build.0 = Release|Win32
		{4F72227D-8093-4E95-A36D-F73D7FD94793}.RelWithDebInfo|Any CPU.ActiveCfg = Release|x64
		{4F72227D-8093-4E95-A36D-F73D7FD94793}.RelWithDebInfo|Any CPU.Build.0 = Release|x64
		{4F72227D-8093-4E95-A36D-F73D7FD94793}.RelWithDebInfo|x64.ActiveCfg = Release|x64
		{4F72227D-8093-4E95-A36D-F73D7FD94793}.RelWithDebInfo|x64.Build.0 = Release|x64
		{4F72227D-8093-4E95-A36D-F73D7FD94793}.RelWithDebInfo|x86.ActiveCfg = Release|Win32
		{4F72227D-8093-4E95-A36D-F73D7FD94793}.RelWithDebInfo|x86.Build.0 = Release|Win32
		{F867E11C-A392-4EA0-9F32-6CCBE3E753FC}.Debug|Any CPU.ActiveCfg = Debug|x64
		{F867E11C-A392-4EA0-9F32-6CCBE3E753FC}.Debug|Any CPU.Build.0 = Debug|x64
		{F867E11C-A392-4EA0-9F32-6CCBE3E753FC}.Debug|x64.ActiveCfg = Release|x64
		{F867E11C-A392-4EA0-9F32-6CCBE3E753FC}.Debug|x64.Build.0 = Release|x64
		{F867E11C-A392-4EA0-9F32-6CCBE3E753FC}.Debug|x86.ActiveCfg = Debug|Win32
		{F867E11C-A392-4EA0-9F32-6CCBE3E753FC}.Debug|x86.Build.0 = Debug|Win32
		{F867E11C-A392-4EA0-9F32-6CCBE3E753FC}.MinSizeRel|Any CPU.ActiveCfg = Debug|x64
		{F867E11C-A392-4EA0-9F32-6CCBE3E753FC}.MinSizeRel|Any CPU.Build.0 = Debug|x64
		{F867E11C-A392-4EA0-9F32-6CCBE3E753FC}.MinSizeRel|x64.ActiveCfg = Debug|x64
		{F867E11C-A392-4EA0-9F32-6CCBE3E753FC}.MinSizeRel|x64.Build.0 = Debug|x64
		{F867E11C-A392-4EA0-9F32-6CCBE3E753FC}.MinSizeRel|x86.ActiveCfg = Debug|Win32
		{F867E11C-A392-4EA0-9F32-6CCBE3E753FC}.MinSizeRel|x86.Build.0 = Debug|Win32
		{F867E11C-A392-4EA0-9F32-6CCBE3E753FC}.Release|Any CPU.ActiveCfg = Release|x64
		{F867E11C-A392-4EA0-9F32-6CCBE3E753FC}.Release|Any CPU.Build.0 = Release|x64
		{F867E11C-A392-4EA0-9F32-6CCBE3E753FC}.Release|x64.ActiveCfg = Release|x64
		{F867E11C-A392-4EA0-9F32-6CCBE3E753FC}.Release|x64.Build.0 = Release|x64
		{F867E11C-A392-4EA0-9F32-6CCBE3E753FC}.Release|x86.ActiveCfg = Release|Win32
		{F867E11C-A392-4EA0-9F32-6CCBE3E753FC}.Release|x86.Build.0 = Release|Win32
		{F867E11C-A392-4EA0-9F32-6CCBE3E753FC}.RelWithDebInfo|Any CPU.ActiveCfg = Release|x64
		{F867E11C-A392-4EA0-9F32-6CCBE3E753FC}.RelWithDebInfo|Any CPU.Build.0 = Release|x64
		{F867E11C-A392-4EA0-9F32-6CCBE3E753FC}.RelWithDebInfo|x64.ActiveCfg = Release|x64
		{F867E11C-A392-4EA0-9F32-6CCBE3E753FC}.RelWithDebInfo|x64.Build.0 = Release|x64
		{F867E11C-A392-4EA0-9F32-6CCBE3E753FC}.RelWithDebInfo|x86.ActiveCfg = Release|Win32
		{F867E11C-A392-4EA0-9F32-6CCBE3E753FC}.RelWithDebInfo|x86.Build.0 = Release|Win32
		{36FDCD23-B8F3-459A-8F19-0C6D4599C00F}.Debug|Any CPU.ActiveCfg = Debug|Any CPU
		{36FDCD23-B8F3-459A-8F19-0C6D4599C00F}.Debug|Any CPU.Build.0 = Debug|Any CPU
		{36FDCD23-B8F3-459A-8F19-0C6D4599C00F}.Debug|x64.ActiveCfg = Debug|x64
		{36FDCD23-B8F3-459A-8F19-0C6D4599C00F}.Debug|x64.Build.0 = Debug|x64
		{36FDCD23-B8F3-459A-8F19-0C6D4599C00F}.Debug|x86.ActiveCfg = Debug|Any CPU
		{36FDCD23-B8F3-459A-8F19-0C6D4599C00F}.Debug|x86.Build.0 = Debug|Any CPU
		{36FDCD23-B8F3-459A-8F19-0C6D4599C00F}.MinSizeRel|Any CPU.ActiveCfg = Release|Any CPU
		{36FDCD23-B8F3-459A-8F19-0C6D4599C00F}.MinSizeRel|Any CPU.Build.0 = Release|Any CPU
		{36FDCD23-B8F3-459A-8F19-0C6D4599C00F}.MinSizeRel|x64.ActiveCfg = Debug|x64
		{36FDCD23-B8F3-459A-8F19-0C6D4599C00F}.MinSizeRel|x64.Build.0 = Debug|x64
		{36FDCD23-B8F3-459A-8F19-0C6D4599C00F}.MinSizeRel|x86.ActiveCfg = Debug|Any CPU
		{36FDCD23-B8F3-459A-8F19-0C6D4599C00F}.MinSizeRel|x86.Build.0 = Debug|Any CPU
		{36FDCD23-B8F3-459A-8F19-0C6D4599C00F}.Release|Any CPU.ActiveCfg = Release|Any CPU
		{36FDCD23-B8F3-459A-8F19-0C6D4599C00F}.Release|Any CPU.Build.0 = Release|Any CPU
		{36FDCD23-B8F3-459A-8F19-0C6D4599C00F}.Release|x64.ActiveCfg = Release|x64
		{36FDCD23-B8F3-459A-8F19-0C6D4599C00F}.Release|x64.Build.0 = Release|x64
		{36FDCD23-B8F3-459A-8F19-0C6D4599C00F}.Release|x86.ActiveCfg = Release|Any CPU
		{36FDCD23-B8F3-459A-8F19-0C6D4599C00F}.Release|x86.Build.0 = Release|Any CPU
		{36FDCD23-B8F3-459A-8F19-0C6D4599C00F}.RelWithDebInfo|Any CPU.ActiveCfg = Release|Any CPU
		{36FDCD23-B8F3-459A-8F19-0C6D4599C00F}.RelWithDebInfo|Any CPU.Build.0 = Release|Any CPU
		{36FDCD23-B8F3-459A-8F19-0C6D4599C00F}.RelWithDebInfo|x64.ActiveCfg = Release|x64
		{36FDCD23-B8F3-459A-8F19-0C6D4599C00F}.RelWithDebInfo|x64.Build.0 = Release|x64
		{36FDCD23-B8F3-459A-8F19-0C6D4599C00F}.RelWithDebInfo|x86.ActiveCfg = Release|Any CPU
		{36FDCD23-B8F3-459A-8F19-0C6D4599C00F}.RelWithDebInfo|x86.Build.0 = Release|Any CPU
		{AD91A905-69AE-3939-A374-DB9435177D1B}.Debug|Any CPU.ActiveCfg = Debug|x64
		{AD91A905-69AE-3939-A374-DB9435177D1B}.Debug|Any CPU.Build.0 = Debug|x64
		{AD91A905-69AE-3939-A374-DB9435177D1B}.Debug|x64.ActiveCfg = Release|x64
		{AD91A905-69AE-3939-A374-DB9435177D1B}.Debug|x64.Build.0 = Release|x64
		{AD91A905-69AE-3939-A374-DB9435177D1B}.Debug|x86.ActiveCfg = Debug|x64
		{AD91A905-69AE-3939-A374-DB9435177D1B}.Debug|x86.Build.0 = Debug|x64
		{AD91A905-69AE-3939-A374-DB9435177D1B}.MinSizeRel|Any CPU.ActiveCfg = Debug|x64
		{AD91A905-69AE-3939-A374-DB9435177D1B}.MinSizeRel|Any CPU.Build.0 = Debug|x64
		{AD91A905-69AE-3939-A374-DB9435177D1B}.MinSizeRel|x64.ActiveCfg = Debug|x64
		{AD91A905-69AE-3939-A374-DB9435177D1B}.MinSizeRel|x64.Build.0 = Debug|x64
		{AD91A905-69AE-3939-A374-DB9435177D1B}.MinSizeRel|x86.ActiveCfg = Debug|x64
		{AD91A905-69AE-3939-A374-DB9435177D1B}.MinSizeRel|x86.Build.0 = Debug|x64
		{AD91A905-69AE-3939-A374-DB9435177D1B}.Release|Any CPU.ActiveCfg = Release|x64
		{AD91A905-69AE-3939-A374-DB9435177D1B}.Release|Any CPU.Build.0 = Release|x64
		{AD91A905-69AE-3939-A374-DB9435177D1B}.Release|x64.ActiveCfg = Release|x64
		{AD91A905-69AE-3939-A374-DB9435177D1B}.Release|x64.Build.0 = Release|x64
		{AD91A905-69AE-3939-A374-DB9435177D1B}.Release|x86.ActiveCfg = Release|x64
		{AD91A905-69AE-3939-A374-DB9435177D1B}.Release|x86.Build.0 = Release|x64
		{AD91A905-69AE-3939-A374-DB9435177D1B}.RelWithDebInfo|Any CPU.ActiveCfg = Release|x64
		{AD91A905-69AE-3939-A374-DB9435177D1B}.RelWithDebInfo|Any CPU.Build.0 = Release|x64
		{AD91A905-69AE-3939-A374-DB9435177D1B}.RelWithDebInfo|x64.ActiveCfg = Release|x64
		{AD91A905-69AE-3939-A374-DB9435177D1B}.RelWithDebInfo|x64.Build.0 = Release|x64
		{AD91A905-69AE-3939-A374-DB9435177D1B}.RelWithDebInfo|x86.ActiveCfg = Release|x64
		{AD91A905-69AE-3939-A374-DB9435177D1B}.RelWithDebInfo|x86.Build.0 = Release|x64
		{21E8AB1A-48A3-4A5E-BB4E-7F2BB9E554B9}.Debug|Any CPU.ActiveCfg = Debug|x64
		{21E8AB1A-48A3-4A5E-BB4E-7F2BB9E554B9}.Debug|Any CPU.Build.0 = Debug|x64
		{21E8AB1A-48A3-4A5E-BB4E-7F2BB9E554B9}.Debug|x64.ActiveCfg = Release|x64
		{21E8AB1A-48A3-4A5E-BB4E-7F2BB9E554B9}.Debug|x64.Build.0 = Release|x64
		{21E8AB1A-48A3-4A5E-BB4E-7F2BB9E554B9}.Debug|x86.ActiveCfg = Debug|Win32
		{21E8AB1A-48A3-4A5E-BB4E-7F2BB9E554B9}.Debug|x86.Build.0 = Debug|Win32
		{21E8AB1A-48A3-4A5E-BB4E-7F2BB9E554B9}.MinSizeRel|Any CPU.ActiveCfg = Debug|x64
		{21E8AB1A-48A3-4A5E-BB4E-7F2BB9E554B9}.MinSizeRel|Any CPU.Build.0 = Debug|x64
		{21E8AB1A-48A3-4A5E-BB4E-7F2BB9E554B9}.MinSizeRel|x64.ActiveCfg = Debug|x64
		{21E8AB1A-48A3-4A5E-BB4E-7F2BB9E554B9}.MinSizeRel|x64.Build.0 = Debug|x64
		{21E8AB1A-48A3-4A5E-BB4E-7F2BB9E554B9}.MinSizeRel|x86.ActiveCfg = Debug|Win32
		{21E8AB1A-48A3-4A5E-BB4E-7F2BB9E554B9}.MinSizeRel|x86.Build.0 = Debug|Win32
		{21E8AB1A-48A3-4A5E-BB4E-7F2BB9E554B9}.Release|Any CPU.ActiveCfg = Release|x64
		{21E8AB1A-48A3-4A5E-BB4E-7F2BB9E554B9}.Release|Any CPU.Build.0 = Release|x64
		{21E8AB1A-48A3-4A5E-BB4E-7F2BB9E554B9}.Release|x64.ActiveCfg = Release|x64
		{21E8AB1A-48A3-4A5E-BB4E-7F2BB9E554B9}.Release|x64.Build.0 = Release|x64
		{21E8AB1A-48A3-4A5E-BB4E-7F2BB9E554B9}.Release|x86.ActiveCfg = Release|Win32
		{21E8AB1A-48A3-4A5E-BB4E-7F2BB9E554B9}.Release|x86.Build.0 = Release|Win32
		{21E8AB1A-48A3-4A5E-BB4E-7F2BB9E554B9}.RelWithDebInfo|Any CPU.ActiveCfg = Release|x64
		{21E8AB1A-48A3-4A5E-BB4E-7F2BB9E554B9}.RelWithDebInfo|Any CPU.Build.0 = Release|x64
		{21E8AB1A-48A3-4A5E-BB4E-7F2BB9E554B9}.RelWithDebInfo|x64.ActiveCfg = Release|x64
		{21E8AB1A-48A3-4A5E-BB4E-7F2BB9E554B9}.RelWithDebInfo|x64.Build.0 = Release|x64
		{21E8AB1A-48A3-4A5E-BB4E-7F2BB9E554B9}.RelWithDebInfo|x86.ActiveCfg = Release|Win32
		{21E8AB1A-48A3-4A5E-BB4E-7F2BB9E554B9}.RelWithDebInfo|x86.Build.0 = Release|Win32
		{7E39A14A-E4A3-48EC-B771-CCE2BC0C5398}.Debug|Any CPU.ActiveCfg = Debug|x64
		{7E39A14A-E4A3-48EC-B771-CCE2BC0C5398}.Debug|Any CPU.Build.0 = Debug|x64
		{7E39A14A-E4A3-48EC-B771-CCE2BC0C5398}.Debug|x64.ActiveCfg = Release|x64
		{7E39A14A-E4A3-48EC-B771-CCE2BC0C5398}.Debug|x64.Build.0 = Release|x64
		{7E39A14A-E4A3-48EC-B771-CCE2BC0C5398}.Debug|x86.ActiveCfg = Debug|Win32
		{7E39A14A-E4A3-48EC-B771-CCE2BC0C5398}.Debug|x86.Build.0 = Debug|Win32
		{7E39A14A-E4A3-48EC-B771-CCE2BC0C5398}.MinSizeRel|Any CPU.ActiveCfg = Debug|x64
		{7E39A14A-E4A3-48EC-B771-CCE2BC0C5398}.MinSizeRel|Any CPU.Build.0 = Debug|x64
		{7E39A14A-E4A3-48EC-B771-CCE2BC0C5398}.MinSizeRel|x64.ActiveCfg = Debug|x64
		{7E39A14A-E4A3-48EC-B771-CCE2BC0C5398}.MinSizeRel|x64.Build.0 = Debug|x64
		{7E39A14A-E4A3-48EC-B771-CCE2BC0C5398}.MinSizeRel|x86.ActiveCfg = Debug|Win32
		{7E39A14A-E4A3-48EC-B771-CCE2BC0C5398}.MinSizeRel|x86.Build.0 = Debug|Win32
		{7E39A14A-E4A3-48EC-B771-CCE2BC0C5398}.Release|Any CPU.ActiveCfg = Release|x64
		{7E39A14A-E4A3-48EC-B771-CCE2BC0C5398}.Release|Any CPU.Build.0 = Release|x64
		{7E39A14A-E4A3-48EC-B771-CCE2BC0C5398}.Release|x64.ActiveCfg = Release|x64
		{7E39A14A-E4A3-48EC-B771-CCE2BC0C5398}.Release|x64.Build.0 = Release|x64
		{7E39A14A-E4A3-48EC-B771-CCE2BC0C5398}.Release|x86.ActiveCfg = Release|Win32
		{7E39A14A-E4A3-48EC-B771-CCE2BC0C5398}.Release|x86.Build.0 = Release|Win32
		{7E39A14A-E4A3-48EC-B771-CCE2BC0C5398}.RelWithDebInfo|Any CPU.ActiveCfg = Release|x64
		{7E39A14A-E4A3-48EC-B771-CCE2BC0C5398}.RelWithDebInfo|Any CPU.Build.0 = Release|x64
		{7E39A14A-E4A3-48EC-B771-CCE2BC0C5398}.RelWithDebInfo|x64.ActiveCfg = Release|x64
		{7E39A14A-E4A3-48EC-B771-CCE2BC0C5398}.RelWithDebInfo|x64.Build.0 = Release|x64
		{7E39A14A-E4A3-48EC-B771-CCE2BC0C5398}.RelWithDebInfo|x86.ActiveCfg = Release|Win32
		{7E39A14A-E4A3-48EC-B771-CCE2BC0C5398}.RelWithDebInfo|x86.Build.0 = Release|Win32
		{8B9E150F-7FBB-4068-8B03-8D05B9E93266}.Debug|Any CPU.ActiveCfg = Debug|x64
		{8B9E150F-7FBB-4068-8B03-8D05B9E93266}.Debug|Any CPU.Build.0 = Debug|x64
		{8B9E150F-7FBB-4068-8B03-8D05B9E93266}.Debug|x64.ActiveCfg = Debug|x64
		{8B9E150F-7FBB-4068-8B03-8D05B9E93266}.Debug|x64.Build.0 = Debug|x64
		{8B9E150F-7FBB-4068-8B03-8D05B9E93266}.Debug|x86.ActiveCfg = Debug|x64
		{8B9E150F-7FBB-4068-8B03-8D05B9E93266}.Debug|x86.Build.0 = Debug|x64
		{8B9E150F-7FBB-4068-8B03-8D05B9E93266}.MinSizeRel|Any CPU.ActiveCfg = Debug|x64
		{8B9E150F-7FBB-4068-8B03-8D05B9E93266}.MinSizeRel|Any CPU.Build.0 = Debug|x64
		{8B9E150F-7FBB-4068-8B03-8D05B9E93266}.MinSizeRel|x64.ActiveCfg = Debug|x64
		{8B9E150F-7FBB-4068-8B03-8D05B9E93266}.MinSizeRel|x64.Build.0 = Debug|x64
		{8B9E150F-7FBB-4068-8B03-8D05B9E93266}.MinSizeRel|x86.ActiveCfg = Debug|x64
		{8B9E150F-7FBB-4068-8B03-8D05B9E93266}.MinSizeRel|x86.Build.0 = Debug|x64
		{8B9E150F-7FBB-4068-8B03-8D05B9E93266}.Release|Any CPU.ActiveCfg = Release|x64
		{8B9E150F-7FBB-4068-8B03-8D05B9E93266}.Release|Any CPU.Build.0 = Release|x64
		{8B9E150F-7FBB-4068-8B03-8D05B9E93266}.Release|x64.ActiveCfg = Release|x64
		{8B9E150F-7FBB-4068-8B03-8D05B9E93266}.Release|x64.Build.0 = Release|x64
		{8B9E150F-7FBB-4068-8B03-8D05B9E93266}.Release|x86.ActiveCfg = Release|x64
		{8B9E150F-7FBB-4068-8B03-8D05B9E93266}.Release|x86.Build.0 = Release|x64
		{8B9E150F-7FBB-4068-8B03-8D05B9E93266}.RelWithDebInfo|Any CPU.ActiveCfg = Release|x64
		{8B9E150F-7FBB-4068-8B03-8D05B9E93266}.RelWithDebInfo|Any CPU.Build.0 = Release|x64
		{8B9E150F-7FBB-4068-8B03-8D05B9E93266}.RelWithDebInfo|x64.ActiveCfg = Release|x64
		{8B9E150F-7FBB-4068-8B03-8D05B9E93266}.RelWithDebInfo|x64.Build.0 = Release|x64
		{8B9E150F-7FBB-4068-8B03-8D05B9E93266}.RelWithDebInfo|x86.ActiveCfg = Release|x64
		{8B9E150F-7FBB-4068-8B03-8D05B9E93266}.RelWithDebInfo|x86.Build.0 = Release|x64
	EndGlobalSection
	GlobalSection(SolutionProperties) = preSolution
		HideSolutionNode = FALSE
	EndGlobalSection
	GlobalSection(NestedProjects) = preSolution
		{47DA8B5E-0839-46A0-8C49-41DC42A72268} = {528AA97C-F7BD-43CE-B19C-FDB2CA04D249}
		{A51AC91D-B439-4632-B0F9-3A6025C3492E} = {528AA97C-F7BD-43CE-B19C-FDB2CA04D249}
		{2ABFA7F4-07A8-48A0-ADC4-30FDF2B6EF20} = {528AA97C-F7BD-43CE-B19C-FDB2CA04D249}
		{734C81C7-C22D-3344-8349-51AABFD5B302} = {528AA97C-F7BD-43CE-B19C-FDB2CA04D249}
		{E9B766D5-64B6-4899-A008-5BB638B68B28} = {BAD359E1-517D-4615-84D6-A183B4585AFC}
		{2F1A4D85-BD75-4528-A1BC-D605EF6E52CF} = {BAD359E1-517D-4615-84D6-A183B4585AFC}
		{21E8AB1A-48A3-4A5E-BB4E-7F2BB9E554B9} = {528AA97C-F7BD-43CE-B19C-FDB2CA04D249}
		{7E39A14A-E4A3-48EC-B771-CCE2BC0C5398} = {528AA97C-F7BD-43CE-B19C-FDB2CA04D249}
	EndGlobalSection
	GlobalSection(ExtensibilityGlobals) = postSolution
		SolutionGuid = {78588B88-7C25-4985-91BB-09C1FBFF3A6E}
	EndGlobalSection
EndGlobal
