<?xml version="1.0" encoding="utf-8"?>
<Project ToolsVersion="17.0" xmlns="http://schemas.microsoft.com/developer/msbuild/2003">
  <ItemGroup>
    <ClCompile Include="C:\_src\OpenCVB\OrbbecSDK\examples\cpp\Sample-ColorViewer\ColorViewer.cpp">
      <Filter>Source Files</Filter>
    </ClCompile>
  </ItemGroup>
  <ItemGroup>
    <CustomBuild Include="C:\_src\OpenCVB\OrbbecSDK\examples\cpp\Sample-ColorViewer\CMakeLists.txt" />
  </ItemGroup>
  <ItemGroup>
    <Filter Include="Source Files">
      <UniqueIdentifier>{FDE7E8CF-447D-3716-B90F-101218F44FEE}</UniqueIdentifier>
    </Filter>
  </ItemGroup>
</Project>
