
Microsoft Visual Studio Solution File, Format Version 12.00
# Visual Studio Version 17
VisualStudioVersion = 17.11.35222.181
MinimumVisualStudioVersion = 10.0.40219.1
Project("{F184B08F-C81C-45F6-A57F-5ABD9991F28F}") = "CamRealSense", "CamRealSense.vbproj", "{11C64AD1-1156-41A9-AE16-A308FAB9E65C}"
EndProject
Global
	GlobalSection(SolutionConfigurationPlatforms) = preSolution
		Debug|Any CPU = Debug|Any CPU
		Release|Any CPU = Release|Any CPU
	EndGlobalSection
	GlobalSection(ProjectConfigurationPlatforms) = postSolution
		{11C64AD1-1156-41A9-AE16-A308FAB9E65C}.Debug|Any CPU.ActiveCfg = Debug|Any CPU
		{11C64AD1-1156-41A9-AE16-A308FAB9E65C}.Debug|Any CPU.Build.0 = Debug|Any CPU
		{11C64AD1-1156-41A9-AE16-A308FAB9E65C}.Release|Any CPU.ActiveCfg = Release|Any CPU
		{11C64AD1-1156-41A9-AE16-A308FAB9E65C}.Release|Any CPU.Build.0 = Release|Any CPU
	EndGlobalSection
	GlobalSection(SolutionProperties) = preSolution
		HideSolutionNode = FALSE
	EndGlobalSection
	GlobalSection(ExtensibilityGlobals) = postSolution
		SolutionGuid = {4ED048B2-8778-4E30-9B71-38F68D3CDD75}
	EndGlobalSection
EndGlobal
