<?xml version="1.0" encoding="utf-8"?>
<Project ToolsVersion="4.0" xmlns="http://schemas.microsoft.com/developer/msbuild/2003">
  <ItemGroup>
    <Filter Include="Source Files">
      <UniqueIdentifier>{4FC737F1-C7A5-4376-A066-2A32D752A2FF}</UniqueIdentifier>
      <Extensions>cpp;c;cc;cxx;def;odl;idl;hpj;bat;asm;asmx</Extensions>
    </Filter>
    <Filter Include="Header Files">
      <UniqueIdentifier>{93995380-89BD-4b04-88EB-625FBE52EBFB}</UniqueIdentifier>
      <Extensions>h;hh;hpp;hxx;hm;inl;inc;ipp;xsd</Extensions>
    </Filter>
    <Filter Include="Source Files\Resource Files">
      <UniqueIdentifier>{67DA6AB6-F800-4c08-8B7A-83BB121AAD01}</UniqueIdentifier>
      <Extensions>rc;ico;cur;bmp;dlg;rc2;rct;bin;rgs;gif;jpg;jpeg;jpe;resx;tiff;tif;png;wav;mfcribbon-ms</Extensions>
    </Filter>
  </ItemGroup>
  <ItemGroup>
    <ClInclude Include="rbf.hpp">
      <Filter>Header Files</Filter>
    </ClInclude>
    <ClInclude Include="harrisDetector.h">
      <Filter>Header Files</Filter>
    </ClInclude>
    <ClInclude Include="SemiGlobalMatching.h">
      <Filter>Header Files</Filter>
    </ClInclude>
    <ClInclude Include="videostab.h">
      <Filter>Header Files</Filter>
    </ClInclude>
    <ClInclude Include="DepthColorizer.hpp">
      <Filter>Header Files</Filter>
    </ClInclude>
    <ClInclude Include="CvHMM.h">
      <Filter>Header Files</Filter>
    </ClInclude>
    <ClInclude Include="ParticleFilter.h">
      <Filter>Header Files</Filter>
    </ClInclude>
    <ClInclude Include="CPP_IncludeOnly.h">
      <Filter>Header Files</Filter>
    </ClInclude>
    <ClInclude Include="CPP_Externs.h">
      <Filter>Header Files</Filter>
    </ClInclude>
    <ClInclude Include="PragmaLibs.h">
      <Filter>Header Files</Filter>
    </ClInclude>
    <ClInclude Include="CPP_Names.h">
      <Filter>Header Files</Filter>
    </ClInclude>
    <ClInclude Include="PointCloudConvert.h">
      <Filter>Header Files</Filter>
    </ClInclude>
  </ItemGroup>
  <ItemGroup>
    <ClCompile Include="Corners.cpp">
      <Filter>Source Files</Filter>
    </ClCompile>
    <ClCompile Include="Edge.cpp">
      <Filter>Source Files</Filter>
    </ClCompile>
    <ClCompile Include="EMax.cpp">
      <Filter>Source Files</Filter>
    </ClCompile>
    <ClCompile Include="FitEllipse.cpp">
      <Filter>Source Files</Filter>
    </ClCompile>
    <ClCompile Include="Harris.cpp">
      <Filter>Source Files</Filter>
    </ClCompile>
    <ClCompile Include="Histogram3D.cpp">
      <Filter>Source Files</Filter>
    </ClCompile>
    <ClCompile Include="MinTriangle.cpp">
      <Filter>Source Files</Filter>
    </ClCompile>
    <ClCompile Include="recursiveBilateralFilter.cpp">
      <Filter>Source Files</Filter>
    </ClCompile>
    <ClCompile Include="Salience.cpp">
      <Filter>Source Files</Filter>
    </ClCompile>
    <ClCompile Include="SemiGlobalMatching.cpp">
      <Filter>Source Files</Filter>
    </ClCompile>
    <ClCompile Include="Annealing.cpp">
      <Filter>Source Files</Filter>
    </ClCompile>
    <ClCompile Include="Stabilizer.cpp">
      <Filter>Source Files</Filter>
    </ClCompile>
    <ClCompile Include="videostab.cpp">
      <Filter>Source Files</Filter>
    </ClCompile>
    <ClCompile Include="Depth.cpp">
      <Filter>Source Files</Filter>
    </ClCompile>
    <ClCompile Include="Retina.cpp">
      <Filter>Source Files</Filter>
    </ClCompile>
    <ClCompile Include="xPhoto.cpp">
      <Filter>Source Files</Filter>
    </ClCompile>
    <ClCompile Include="HMM.cpp">
      <Filter>Source Files</Filter>
    </ClCompile>
    <ClCompile Include="Palette.cpp">
      <Filter>Source Files</Filter>
    </ClCompile>
    <ClCompile Include="Plot_OpenCV.cpp">
      <Filter>Source Files</Filter>
    </ClCompile>
    <ClCompile Include="BGSubtract.cpp">
      <Filter>Source Files</Filter>
    </ClCompile>
    <ClCompile Include="Random_PatternGenerator.cpp">
      <Filter>Source Files</Filter>
    </ClCompile>
    <ClCompile Include="SuperPixels.cpp">
      <Filter>Source Files</Filter>
    </ClCompile>
    <ClCompile Include="WhiteBalance.cpp">
      <Filter>Source Files</Filter>
    </ClCompile>
    <ClCompile Include="Dither.cpp">
      <Filter>Source Files</Filter>
    </ClCompile>
    <ClCompile Include="WarpModel.cpp">
      <Filter>Source Files</Filter>
    </ClCompile>
    <ClCompile Include="PointCloud.cpp">
      <Filter>Source Files</Filter>
    </ClCompile>
    <ClCompile Include="Fuzzy.cpp">
      <Filter>Source Files</Filter>
    </ClCompile>
    <ClCompile Include="ParticleFilter.cpp">
      <Filter>Source Files</Filter>
    </ClCompile>
    <ClCompile Include="Voronoi.cpp">
      <Filter>Source Files</Filter>
    </ClCompile>
    <ClCompile Include="Tracker.cpp">
      <Filter>Source Files</Filter>
    </ClCompile>
    <ClCompile Include="Denoise.cpp">
      <Filter>Source Files</Filter>
    </ClCompile>
    <ClCompile Include="imgui.cpp">
      <Filter>Source Files</Filter>
    </ClCompile>
    <ClCompile Include="FCell.cpp">
      <Filter>Source Files</Filter>
    </ClCompile>
    <ClCompile Include="MLPrep.cpp">
      <Filter>Source Files</Filter>
    </ClCompile>
    <ClCompile Include="KMeans.cpp">
      <Filter>Source Files</Filter>
    </ClCompile>
    <ClCompile Include="KMeansSimple.cpp">
      <Filter>Source Files</Filter>
    </ClCompile>
    <ClCompile Include="Agast.cpp">
      <Filter>Source Files</Filter>
    </ClCompile>
    <ClCompile Include="Vignetting.cpp">
      <Filter>Source Files</Filter>
    </ClCompile>
    <ClCompile Include="Jacobian.cpp">
      <Filter>Source Files</Filter>
    </ClCompile>
    <ClCompile Include="CPP_IncludeOnly.cpp">
      <Filter>Source Files</Filter>
    </ClCompile>
    <ClCompile Include="Trace.cpp">
      <Filter>Source Files</Filter>
    </ClCompile>
    <ClCompile Include="Guess.cpp">
      <Filter>Source Files</Filter>
    </ClCompile>
    <ClCompile Include="EdgeDraw.cpp">
      <Filter>Source Files</Filter>
    </ClCompile>
    <ClCompile Include="PCA_Prep.cpp">
      <Filter>Source Files</Filter>
    </ClCompile>
    <ClCompile Include="DCT.cpp">
      <Filter>Source Files</Filter>
    </ClCompile>
    <ClCompile Include="Density.cpp">
      <Filter>Source Files</Filter>
    </ClCompile>
    <ClCompile Include="Histogram.cpp">
      <Filter>Source Files</Filter>
    </ClCompile>
    <ClCompile Include="RedCloud.cpp">
      <Filter>Source Files</Filter>
    </ClCompile>
    <ClCompile Include="BGRPattern.cpp">
      <Filter>Source Files</Filter>
    </ClCompile>
    <ClCompile Include="MSER.cpp">
      <Filter>Source Files</Filter>
    </ClCompile>
    <ClCompile Include="Neighbor.cpp">
      <Filter>Source Files</Filter>
    </ClCompile>
  </ItemGroup>
</Project>