<?xml version="1.0" encoding="utf-8"?>
<Project ToolsVersion="4.0" xmlns="http://schemas.microsoft.com/developer/msbuild/2003">
  <ItemGroup>
    <ClCompile Include="CPP_Non-AI.cpp" />
    <ClCompile Include="CPP_IncludeOnly.cpp" />
  </ItemGroup>
  <ItemGroup>
    <ClInclude Include="CPP_Externs.h" />
    <ClInclude Include="CPP_Enum.h" />
    <ClInclude Include="CPP_Parent.h" />
    <ClInclude Include="CPP_AI_Generated.h" />
    <ClInclude Include="PragmaLibs.h" />
    <ClInclude Include="Options.h" />
    <ClInclude Include="CvHMM.h" />
  </ItemGroup>
</Project>